// !$*UTF8*$!
{
	archiveVersion = 1;
	classes = {
	};
	objectVersion = 46;
	objects = {

/* Begin PBXBuildFile section */
		7D83591D7DBFE34A44173F5D /* OpenGL.framework in Frameworks */ = {isa = PBXBuildFile; fileRef = 8AA826256AA061B2111E0465 /* OpenGL.framework */; };
		96DBD5B175DB82DEEC0D7BF1 /* TestGame.cpp in Sources */ = {isa = PBXBuildFile; fileRef = FB1CB7795B6CB60629B855B9 /* TestGame.cpp */; };
		C71AA9E6BD6DDEB3A4679826 /* libPhoenixEngine.a in Frameworks */ = {isa = PBXBuildFile; fileRef = D39CF12EB994635B6642D76E /* libPhoenixEngine.a */; };
		F3D08EE75E205F14F5DFF527 /* Main.cpp in Sources */ = {isa = PBXBuildFile; fileRef = B2C7C44FC55C85DC9FC9228F /* Main.cpp */; };
/* End PBXBuildFile section */

/* Begin PBXContainerItemProxy section */
		D37A6AED5662E8DAD78D812D /* PBXContainerItemProxy */ = {
			isa = PBXContainerItemProxy;
			containerPortal = 5C8ACF6532F1ED1248FC15A5 /* ../PhoenixEngine/PhoenixEngine.xcodeproj */;
			proxyType = 2;
			remoteGlobalIDString = CBB4DF9A3604AFC7CDC445DA;
			remoteInfo = libPhoenixEngine.a;
		};
		EAF165266DD9E313EF047B66 /* PBXContainerItemProxy */ = {
			isa = PBXContainerItemProxy;
			containerPortal = 5C8ACF6532F1ED1248FC15A5 /* ../PhoenixEngine/PhoenixEngine.xcodeproj */;
			proxyType = 1;
			remoteGlobalIDString = 322BCF40927BCDCD60C76D80;
			remoteInfo = libPhoenixEngine.a;
		};
/* End PBXContainerItemProxy section */

/* Begin PBXFileReference section */
		5C8ACF6532F1ED1248FC15A5 /* libPhoenixEngine.a */ = {isa = PBXFileReference; lastKnownFileType = "wrapper.pb-project"; name = "PhoenixEngine.xcodeproj"; path = ../PhoenixEngine/PhoenixEngine.xcodeproj; sourceTree = SOURCE_ROOT; };
		8AA826256AA061B2111E0465 /* OpenGL.framework */ = {isa = PBXFileReference; lastKnownFileType = wrapper.framework; name = OpenGL.framework; path = System/Library/Frameworks/OpenGL.framework; sourceTree = SDKROOT; };
		AEEB7F8399F03F90DDF1FDC3 /* TestGame.h */ = {isa = PBXFileReference; lastKnownFileType = sourcecode.c.h; name = TestGame.h; path = TestGame.h; sourceTree = "<group>"; };
		B2C7C44FC55C85DC9FC9228F /* Main.cpp */ = {isa = PBXFileReference; lastKnownFileType = sourcecode.cpp.cpp; name = Main.cpp; path = Main.cpp; sourceTree = "<group>"; };
		F6FBE39DE808278AFE2A79DD /* TestGame */ = {isa = PBXFileReference; explicitFileType = "compiled.mach-o.executable"; includeInIndex = 0; name = TestGame; path = TestGame; sourceTree = BUILT_PRODUCTS_DIR; };
		FB1CB7795B6CB60629B855B9 /* TestGame.cpp */ = {isa = PBXFileReference; lastKnownFileType = sourcecode.cpp.cpp; name = TestGame.cpp; path = TestGame.cpp; sourceTree = "<group>"; };
/* End PBXFileReference section */

/* Begin PBXFrameworksBuildPhase section */
		0350158D98056AFA882D8BCD /* Frameworks */ = {
			isa = PBXFrameworksBuildPhase;
			buildActionMask = 2147483647;
			files = (
				7D83591D7DBFE34A44173F5D /* OpenGL.framework in Frameworks */,
				C71AA9E6BD6DDEB3A4679826 /* libPhoenixEngine.a in Frameworks */,
			);
			runOnlyForDeploymentPostprocessing = 0;
		};
/* End PBXFrameworksBuildPhase section */

/* Begin PBXGroup section */
		424BE1FCFF9DDF496716703C /* Frameworks */ = {
			isa = PBXGroup;
			children = (
				8AA826256AA061B2111E0465 /* OpenGL.framework */,
			);
			name = Frameworks;
			sourceTree = "<group>";
		};
		554CC135E77507421D9EBF75 /* TestGame */ = {
			isa = PBXGroup;
			children = (
				B2C7C44FC55C85DC9FC9228F /* Main.cpp */,
				FB1CB7795B6CB60629B855B9 /* TestGame.cpp */,
				AEEB7F8399F03F90DDF1FDC3 /* TestGame.h */,
				424BE1FCFF9DDF496716703C /* Frameworks */,
				EA8E290F7CB66F1CB2E0274F /* Products */,
				581EEAC5EA4730D22070E905 /* Projects */,
			);
			name = TestGame;
			sourceTree = "<group>";
		};
		581EEAC5EA4730D22070E905 /* Projects */ = {
			isa = PBXGroup;
			children = (
				5C8ACF6532F1ED1248FC15A5 /* PhoenixEngine.xcodeproj */,
			);
			name = Projects;
			sourceTree = "<group>";
		};
		CCC4D9CD9A6ECE1AF3AE280D /* Products */ = {
			isa = PBXGroup;
			children = (
				D39CF12EB994635B6642D76E /* libPhoenixEngine.a */,
			);
			name = Products;
			sourceTree = "<group>";
		};
		EA8E290F7CB66F1CB2E0274F /* Products */ = {
			isa = PBXGroup;
			children = (
				F6FBE39DE808278AFE2A79DD /* TestGame */,
			);
			name = Products;
			sourceTree = "<group>";
		};
/* End PBXGroup section */

/* Begin PBXNativeTarget section */
		88D0DEE30C3DD930FD65AD23 /* TestGame */ = {
			isa = PBXNativeTarget;
			buildConfigurationList = DF72714C7427C6B9644FE78C /* Build configuration list for PBXNativeTarget "TestGame" */;
			buildPhases = (
				8520FA2D19D64F9A09FE706D /* Resources */,
				1ED681E4B38BD751A3B3F824 /* Sources */,
				0350158D98056AFA882D8BCD /* Frameworks */,
			);
			buildRules = (
			);
			dependencies = (
				6D29A4763AD398C39412F2B6 /* PBXTargetDependency */,
			);
			name = TestGame;
			productInstallPath = "$(HOME)/bin";
			productName = TestGame;
			productReference = F6FBE39DE808278AFE2A79DD /* TestGame */;
			productType = "com.apple.product-type.tool";
		};
/* End PBXNativeTarget section */

/* Begin PBXProject section */
		08FB7793FE84155DC02AAC07 /* Project object */ = {
			isa = PBXProject;
			buildConfigurationList = 1DEB928908733DD80010E9CD /* Build configuration list for PBXProject "TestGame" */;
			compatibilityVersion = "Xcode 3.2";
			hasScannedForEncodings = 1;
			mainGroup = 554CC135E77507421D9EBF75 /* TestGame */;
			projectDirPath = "";
			projectReferences = (
				{
					ProductGroup = CCC4D9CD9A6ECE1AF3AE280D /* Products */;
					ProjectRef = 5C8ACF6532F1ED1248FC15A5 /* PhoenixEngine.xcodeproj */;
				},
			);
			projectRoot = "";
			targets = (
				88D0DEE30C3DD930FD65AD23 /* TestGame */,
			);
		};
/* End PBXProject section */

/* Begin PBXReferenceProxy section */
		D39CF12EB994635B6642D76E /* libPhoenixEngine.a */ = {
			isa = PBXReferenceProxy;
			fileType = archive.ar;
			path = libPhoenixEngine.a;
			remoteRef = D37A6AED5662E8DAD78D812D /* PBXContainerItemProxy */;
			sourceTree = BUILT_PRODUCTS_DIR;
		};
/* End PBXReferenceProxy section */

/* Begin PBXResourcesBuildPhase section */
		8520FA2D19D64F9A09FE706D /* Resources */ = {
			isa = PBXResourcesBuildPhase;
			buildActionMask = 2147483647;
			files = (
			);
			runOnlyForDeploymentPostprocessing = 0;
		};
/* End PBXResourcesBuildPhase section */

/* Begin PBXSourcesBuildPhase section */
		1ED681E4B38BD751A3B3F824 /* Sources */ = {
			isa = PBXSourcesBuildPhase;
			buildActionMask = 2147483647;
			files = (
				F3D08EE75E205F14F5DFF527 /* Main.cpp in Sources */,
				96DBD5B175DB82DEEC0D7BF1 /* TestGame.cpp in Sources */,
			);
			runOnlyForDeploymentPostprocessing = 0;
		};
/* End PBXSourcesBuildPhase section */

/* Begin PBXTargetDependency section */
		6D29A4763AD398C39412F2B6 /* PBXTargetDependency */ = {
			isa = PBXTargetDependency;
			name = libPhoenixEngine.a;
			targetProxy = EAF165266DD9E313EF047B66 /* PBXContainerItemProxy */;
		};
/* End PBXTargetDependency section */

/* Begin PBXVariantGroup section */
/* End PBXVariantGroup section */

/* Begin XCBuildConfiguration section */
		21BC0553C78FE640803CDB93 /* Debug */ = {
			isa = XCBuildConfiguration;
			buildSettings = {
				ALWAYS_SEARCH_USER_PATHS = NO;
				CONFIGURATION_BUILD_DIR = ../Build/Debug;
				GCC_DYNAMIC_NO_PIC = NO;
				INSTALL_PATH = /usr/local/bin;
				PRODUCT_NAME = TestGame;
			};
			name = Debug;
		};
		21E8C49D12F5088A29175ADD /* Release */ = {
			isa = XCBuildConfiguration;
			buildSettings = {
				CONFIGURATION_BUILD_DIR = "$(SYMROOT)";
				CONFIGURATION_TEMP_DIR = "$(OBJROOT)";
				GCC_C_LANGUAGE_STANDARD = gnu99;
				GCC_OPTIMIZATION_LEVEL = 3;
				GCC_PREPROCESSOR_DEFINITIONS = (
					NDEBUG,
				);
				GCC_SYMBOLS_PRIVATE_EXTERN = NO;
				GCC_WARN_ABOUT_RETURN_TYPE = YES;
				GCC_WARN_UNUSED_VARIABLE = YES;
				LIBRARY_SEARCH_PATHS = (
					../Libraries/Lib/Release.x64/Assimp,
					../Libraries/Lib/Release.x64/IrrKlang,
				);
				OBJROOT = obj/x64/Release;
				ONLY_ACTIVE_ARCH = NO;
				OTHER_CFLAGS = (
					"-F ./Libraries/Lib/Release.x64/IrrKlang -L ./Libraries/Lib/Release.x64/IrrKlang",
					"-std=c++1y",
					"-stdlib=libc++",
				);
				OTHER_LDFLAGS = (
					"-lglfw3",
					"-lirrklang",
					"-lglew",
					"-F ./Libraries/Lib/Release.x64/IrrKlang -L ./Libraries/Lib/Release.x64/IrrKlang",
					"-std=c++1y",
					"-stdlib=libc++",
				);
				SYMROOT = ../Build/Release;
				USER_HEADER_SEARCH_PATHS = (
					../PhoenixEngine/Source,
					../Libraries/Include,
				);
			};
			name = Release;
		};
		AF8FCA8D19DF9ABAB19F30CD /* Release */ = {
			isa = XCBuildConfiguration;
			buildSettings = {
				ALWAYS_SEARCH_USER_PATHS = NO;
				CONFIGURATION_BUILD_DIR = ../Build/Release;
				DEBUG_INFORMATION_FORMAT = "dwarf-with-dsym";
				GCC_DYNAMIC_NO_PIC = NO;
				INSTALL_PATH = /usr/local/bin;
				PRODUCT_NAME = TestGame;
			};
			name = Release;
		};
		B659AFE34DBA1490E86DB623 /* Debug */ = {
			isa = XCBuildConfiguration;
			buildSettings = {
				CONFIGURATION_BUILD_DIR = "$(SYMROOT)";
				CONFIGURATION_TEMP_DIR = "$(OBJROOT)";
				COPY_PHASE_STRIP = NO;
				GCC_C_LANGUAGE_STANDARD = gnu99;
				GCC_ENABLE_FIX_AND_CONTINUE = YES;
				GCC_OPTIMIZATION_LEVEL = 0;
				GCC_PREPROCESSOR_DEFINITIONS = (
					DEBUG,
				);
				GCC_SYMBOLS_PRIVATE_EXTERN = NO;
				GCC_WARN_ABOUT_RETURN_TYPE = YES;
				GCC_WARN_UNUSED_VARIABLE = YES;
				LIBRARY_SEARCH_PATHS = (
					../Libraries/Lib/Debug.x64/Assimp,
					../Libraries/Lib/Debug.x64/IrrKlang,
				);
				OBJROOT = obj/x64/Debug;
				ONLY_ACTIVE_ARCH = YES;
				OTHER_CFLAGS = (
					"-F ./Libraries/Lib/Debug.x64/IrrKlang -L ./Libraries/Lib/Debug.x64/IrrKlang",
					"-std=c++1y",
					"-stdlib=libc++",
				);
				OTHER_LDFLAGS = (
					"-lglfw3",
					"-lirrklang",
					"-lglew",
					"-F ./Libraries/Lib/Debug.x64/IrrKlang -L ./Libraries/Lib/Debug.x64/IrrKlang",
					"-std=c++1y",
					"-stdlib=libc++",
				);
				SYMROOT = ../Build/Debug;
				USER_HEADER_SEARCH_PATHS = (
					../PhoenixEngine/Source,
					../Libraries/Include,
				);
			};
			name = Debug;
		};
/* End XCBuildConfiguration section */

/* Begin XCConfigurationList section */
		1DEB928908733DD80010E9CD /* Build configuration list for PBXProject "TestGame" */ = {
			isa = XCConfigurationList;
			buildConfigurations = (
				B659AFE34DBA1490E86DB623 /* Debug */,
				B659AFE34DBA1490E86DB623 /* Debug */,
				21E8C49D12F5088A29175ADD /* Release */,
				21E8C49D12F5088A29175ADD /* Release */,
			);
			defaultConfigurationIsVisible = 0;
			defaultConfigurationName = Debug;
		};
		DF72714C7427C6B9644FE78C /* Build configuration list for PBXNativeTarget "TestGame" */ = {
			isa = XCConfigurationList;
			buildConfigurations = (
				21BC0553C78FE640803CDB93 /* Debug */,
				21BC0553C78FE640803CDB93 /* Debug */,
				AF8FCA8D19DF9ABAB19F30CD /* Release */,
				AF8FCA8D19DF9ABAB19F30CD /* Release */,
			);
			defaultConfigurationIsVisible = 0;
			defaultConfigurationName = Debug;
		};
/* End XCConfigurationList section */
};
rootObject = 08FB7793FE84155DC02AAC07 /* Project object */;
}
