// !$*UTF8*$!
{
	archiveVersion = 1;
	classes = {
	};
	objectVersion = 46;
	objects = {

/* Begin PBXBuildFile section */
		20CC480507092E721D24FE45 /* Endian.cpp in Sources */ = {isa = PBXBuildFile; fileRef = 3884522D405221FAD195006D /* Endian.cpp */; };
		238C154ED165C95BAAFB938E /* AudioEngine.cpp in Sources */ = {isa = PBXBuildFile; fileRef = 6DB1D7566F39A0C328D84D96 /* AudioEngine.cpp */; };
		2C5BB728982F03F58956A568 /* Material.cpp in Sources */ = {isa = PBXBuildFile; fileRef = C6916E50C6CDF87D8D255490 /* Material.cpp */; };
		465A8EDC74E807697AEAAD1C /* Input.cpp in Sources */ = {isa = PBXBuildFile; fileRef = 1EF435E4A1DCB3D123074C24 /* Input.cpp */; };
		4A5C8DF6126257C3D181BC36 /* RenderEngine.cpp in Sources */ = {isa = PBXBuildFile; fileRef = C0EC753ECBF2DC6B57229B7E /* RenderEngine.cpp */; };
		67FAD5B5F311C1028942E3F5 /* Thread.cpp in Sources */ = {isa = PBXBuildFile; fileRef = AD70B0BD3010896ACC0DB6FD /* Thread.cpp */; };
		7D83591D7DBFE34A44173F5D /* OpenGL.framework in Frameworks */ = {isa = PBXBuildFile; fileRef = 8AA826256AA061B2111E0465 /* OpenGL.framework */; };
		9AB8EFB0C946683DCF490DF0 /* Sound.cpp in Sources */ = {isa = PBXBuildFile; fileRef = B3C4FA9836AD7885B7D810D8 /* Sound.cpp */; };
		9F1065819F4CEFAE65A44BC1 /* Engine.cpp in Sources */ = {isa = PBXBuildFile; fileRef = A219A9C98211E556288F8809 /* Engine.cpp */; };
		A09807AC71D928D9F0D2ADEC /* Win32Window.cpp in Sources */ = {isa = PBXBuildFile; fileRef = 0B840B54B802FDE19F08A994 /* Win32Window.cpp */; };
		A9C0A49A2DFD2047EFDB6ADA /* Game.cpp in Sources */ = {isa = PBXBuildFile; fileRef = 08A7A662F6BE236F3C6864A2 /* Game.cpp */; };
		ABF0D56E586FC7FB3F7573AE /* AudioListener.cpp in Sources */ = {isa = PBXBuildFile; fileRef = B07E2F765A76E763EA75C5B6 /* AudioListener.cpp */; };
		B24DEAE17A53B4AE39731921 /* PhysicsEngine.cpp in Sources */ = {isa = PBXBuildFile; fileRef = BADE3DC9C5E4A4F651146409 /* PhysicsEngine.cpp */; };
		CFDA2339DAE08A6666104979 /* GameThread.cpp in Sources */ = {isa = PBXBuildFile; fileRef = 38A734016734AC8E6D375241 /* GameThread.cpp */; };
/* End PBXBuildFile section */

/* Begin PBXFileReference section */
		024F923D8538102A0662A87D /* Temp.txt */ = {isa = PBXFileReference; lastKnownFileType = text; name = Temp.txt; path = Source/Physics/Temp.txt; sourceTree = "<group>"; };
		035CE41F54F21E2C7217E25F /* Memory.h */ = {isa = PBXFileReference; lastKnownFileType = sourcecode.c.h; name = Memory.h; path = Source/Utility/Misc/Memory.h; sourceTree = "<group>"; };
		0597AE9AF38C03874FE184DA /* IrrKlangIncludes.h */ = {isa = PBXFileReference; lastKnownFileType = sourcecode.c.h; name = IrrKlangIncludes.h; path = Source/ExternalLib/IrrKlangIncludes.h; sourceTree = "<group>"; };
		08A7A662F6BE236F3C6864A2 /* Game.cpp */ = {isa = PBXFileReference; lastKnownFileType = sourcecode.cpp.cpp; name = Game.cpp; path = Source/Game/Game.cpp; sourceTree = "<group>"; };
		0B840B54B802FDE19F08A994 /* Win32Window.cpp */ = {isa = PBXFileReference; lastKnownFileType = sourcecode.cpp.cpp; name = Win32Window.cpp; path = Source/Platform/Windowing/Win32Window.cpp; sourceTree = "<group>"; };
		0E924F3EEE8A8ACB95082D7E /* Matrix2D.h */ = {isa = PBXFileReference; lastKnownFileType = sourcecode.c.h; name = Matrix2D.h; path = Source/Math/Matrix2D.h; sourceTree = "<group>"; };
		0F64ED67F874A2F4884F4BA7 /* OutputStream.h */ = {isa = PBXFileReference; lastKnownFileType = sourcecode.c.h; name = OutputStream.h; path = Source/Utility/Misc/OutputStream.h; sourceTree = "<group>"; };
		0F9CDE1B176AADE8A8AD8C5B /* Algorithm.h */ = {isa = PBXFileReference; lastKnownFileType = sourcecode.c.h; name = Algorithm.h; path = Source/Utility/Misc/Algorithm.h; sourceTree = "<group>"; };
		10BC2F0FCFB181DC0C229D4F /* Timer.h */ = {isa = PBXFileReference; lastKnownFileType = sourcecode.c.h; name = Timer.h; path = Source/Utility/Misc/Timer.h; sourceTree = "<group>"; };
		198A274C9DC6A2F95FA4ED8C /* Assert.h */ = {isa = PBXFileReference; lastKnownFileType = sourcecode.c.h; name = Assert.h; path = Source/Utility/Debug/Assert.h; sourceTree = "<group>"; };
		1E9207B42019D121D9B87DF4 /* KeyboardEvent.h */ = {isa = PBXFileReference; lastKnownFileType = sourcecode.c.h; name = KeyboardEvent.h; path = Source/Input/KeyboardEvent.h; sourceTree = "<group>"; };
		1EF435E4A1DCB3D123074C24 /* Input.cpp */ = {isa = PBXFileReference; lastKnownFileType = sourcecode.cpp.cpp; name = Input.cpp; path = Source/Input/Input.cpp; sourceTree = "<group>"; };
		1FE65980FFDE950DA65C37C0 /* Matrix3D.h */ = {isa = PBXFileReference; lastKnownFileType = sourcecode.c.h; name = Matrix3D.h; path = Source/Math/Matrix3D.h; sourceTree = "<group>"; };
		2A3B75242BC33E91E561EB64 /* GLInterface.h */ = {isa = PBXFileReference; lastKnownFileType = sourcecode.c.h; name = GLInterface.h; path = Source/Rendering/GLInterface.h; sourceTree = "<group>"; };
		2EC4902F3A90817C38381E6F /* List.h */ = {isa = PBXFileReference; lastKnownFileType = sourcecode.c.h; name = List.h; path = Source/Utility/Containers/List.h; sourceTree = "<group>"; };
		313A63C211329F4FB7B04202 /* Matrix4D.h */ = {isa = PBXFileReference; lastKnownFileType = sourcecode.c.h; name = Matrix4D.h; path = Source/Math/Matrix4D.h; sourceTree = "<group>"; };
		32232E28B4C306D550C03468 /* RenderEngine.h */ = {isa = PBXFileReference; lastKnownFileType = sourcecode.c.h; name = RenderEngine.h; path = Source/Rendering/RenderEngine.h; sourceTree = "<group>"; };
		3230BA8B26BE4D38BC9240CB /* ThreadSafeVector.h */ = {isa = PBXFileReference; lastKnownFileType = sourcecode.c.h; name = ThreadSafeVector.h; path = Source/Utility/Threading/ThreadSafeVector.h; sourceTree = "<group>"; };
		37B822DDBD023DCA6F9D791D /* Mutex.h */ = {isa = PBXFileReference; lastKnownFileType = sourcecode.c.h; name = Mutex.h; path = Source/Utility/Threading/Mutex.h; sourceTree = "<group>"; };
		3884522D405221FAD195006D /* Endian.cpp */ = {isa = PBXFileReference; lastKnownFileType = sourcecode.cpp.cpp; name = Endian.cpp; path = Source/Utility/FileIO/Endian.cpp; sourceTree = "<group>"; };
		38A734016734AC8E6D375241 /* GameThread.cpp */ = {isa = PBXFileReference; lastKnownFileType = sourcecode.cpp.cpp; name = GameThread.cpp; path = Source/Core/GameThread.cpp; sourceTree = "<group>"; };
		3F695FB390FE99C0AE245DF3 /* Map.h */ = {isa = PBXFileReference; lastKnownFileType = sourcecode.c.h; name = Map.h; path = Source/Utility/Containers/Map.h; sourceTree = "<group>"; };
		47D49525F45387B2DB593365 /* PriorityQueue.h */ = {isa = PBXFileReference; lastKnownFileType = sourcecode.c.h; name = PriorityQueue.h; path = Source/Utility/Containers/PriorityQueue.h; sourceTree = "<group>"; };
		4B3E0CDB9CD346E8B9F90B1B /* String.h */ = {isa = PBXFileReference; lastKnownFileType = sourcecode.c.h; name = String.h; path = Source/Utility/Misc/String.h; sourceTree = "<group>"; };
		4B726077573E51C454E5EEB7 /* Endian.h */ = {isa = PBXFileReference; lastKnownFileType = sourcecode.c.h; name = Endian.h; path = Source/Utility/FileIO/Endian.h; sourceTree = "<group>"; };
		4FF61216D2DE900354092856 /* KeyCode.h */ = {isa = PBXFileReference; lastKnownFileType = sourcecode.c.h; name = KeyCode.h; path = Source/Input/KeyCode.h; sourceTree = "<group>"; };
		535A3E4585DB3552734F7C85 /* Primitives.h */ = {isa = PBXFileReference; lastKnownFileType = sourcecode.c.h; name = Primitives.h; path = Source/Utility/Misc/Primitives.h; sourceTree = "<group>"; };
		53FDF2A0D9480D8D8BE348E0 /* AudioEngine.h */ = {isa = PBXFileReference; lastKnownFileType = sourcecode.c.h; name = AudioEngine.h; path = Source/Audio/AudioEngine.h; sourceTree = "<group>"; };
		5E46C3BEE390DEAB962C19FE /* KeyModifier.h */ = {isa = PBXFileReference; lastKnownFileType = sourcecode.c.h; name = KeyModifier.h; path = Source/Input/KeyModifier.h; sourceTree = "<group>"; };
		628EEB333929D98054CCB973 /* BitArray.h */ = {isa = PBXFileReference; lastKnownFileType = sourcecode.c.h; name = BitArray.h; path = Source/Utility/Containers/BitArray.h; sourceTree = "<group>"; };
		644C74B992D9ED4698DC92F9 /* Function.h */ = {isa = PBXFileReference; lastKnownFileType = sourcecode.c.h; name = Function.h; path = Source/Utility/Misc/Function.h; sourceTree = "<group>"; };
		6DB1D7566F39A0C328D84D96 /* AudioEngine.cpp */ = {isa = PBXFileReference; lastKnownFileType = sourcecode.cpp.cpp; name = AudioEngine.cpp; path = Source/Audio/AudioEngine.cpp; sourceTree = "<group>"; };
		6E4050701839085DA837E6B0 /* MouseClickEvent.h */ = {isa = PBXFileReference; lastKnownFileType = sourcecode.c.h; name = MouseClickEvent.h; path = Source/Input/MouseClickEvent.h; sourceTree = "<group>"; };
		7DBAF73A5DB332C70430D57A /* Vector2D.h */ = {isa = PBXFileReference; lastKnownFileType = sourcecode.c.h; name = Vector2D.h; path = Source/Math/Vector2D.h; sourceTree = "<group>"; };
		844DF51D8C1BC4EA1D5EA35D /* Vector.h */ = {isa = PBXFileReference; lastKnownFileType = sourcecode.c.h; name = Vector.h; path = Source/Utility/Containers/Vector.h; sourceTree = "<group>"; };
		8886A962C60B38CF4C089FA2 /* Sound.h */ = {isa = PBXFileReference; lastKnownFileType = sourcecode.c.h; name = Sound.h; path = Source/Audio/Sound.h; sourceTree = "<group>"; };
		8981E38F914FB35C229291CF /* Allocator.h */ = {isa = PBXFileReference; lastKnownFileType = sourcecode.c.h; name = Allocator.h; path = Source/Utility/Misc/Allocator.h; sourceTree = "<group>"; };
		8AA826256AA061B2111E0465 /* OpenGL.framework */ = {isa = PBXFileReference; lastKnownFileType = wrapper.framework; name = OpenGL.framework; path = System/Library/Frameworks/OpenGL.framework; sourceTree = SDKROOT; };
		8BB6B0B162519EFE7DF47EF1 /* FileStream.h */ = {isa = PBXFileReference; lastKnownFileType = sourcecode.c.h; name = FileStream.h; path = Source/Utility/FileIO/FileStream.h; sourceTree = "<group>"; };
		8F0F017C6F073D091584DFBC /* Vector3D.h */ = {isa = PBXFileReference; lastKnownFileType = sourcecode.c.h; name = Vector3D.h; path = Source/Math/Vector3D.h; sourceTree = "<group>"; };
		9345CBEED0CA5B5B56C7C22E /* Input.h */ = {isa = PBXFileReference; lastKnownFileType = sourcecode.c.h; name = Input.h; path = Source/Input/Input.h; sourceTree = "<group>"; };
		9A38DF74EBCE198108F3DDB4 /* Quaternion.h */ = {isa = PBXFileReference; lastKnownFileType = sourcecode.c.h; name = Quaternion.h; path = Source/Math/Quaternion.h; sourceTree = "<group>"; };
		9AE185FA1F1E01A7E0FC4C3A /* Material.h */ = {isa = PBXFileReference; lastKnownFileType = sourcecode.c.h; name = Material.h; path = Source/Rendering/Material.h; sourceTree = "<group>"; };
		9E73C52CFEC3C3B9CD0F636C /* Game.h */ = {isa = PBXFileReference; lastKnownFileType = sourcecode.c.h; name = Game.h; path = Source/Game/Game.h; sourceTree = "<group>"; };
		A0630BBE805B474B26D8E9FE /* Vector4D.h */ = {isa = PBXFileReference; lastKnownFileType = sourcecode.c.h; name = Vector4D.h; path = Source/Math/Vector4D.h; sourceTree = "<group>"; };
		A0CF58864AC81073DAC6EEC6 /* GLFWIncludes.h */ = {isa = PBXFileReference; lastKnownFileType = sourcecode.c.h; name = GLFWIncludes.h; path = Source/ExternalLib/GLFWIncludes.h; sourceTree = "<group>"; };
		A219A9C98211E556288F8809 /* Engine.cpp */ = {isa = PBXFileReference; lastKnownFileType = sourcecode.cpp.cpp; name = Engine.cpp; path = Source/Core/Engine.cpp; sourceTree = "<group>"; };
		A3CDB7982917D285DBB30DD8 /* MouseButton.h */ = {isa = PBXFileReference; lastKnownFileType = sourcecode.c.h; name = MouseButton.h; path = Source/Input/MouseButton.h; sourceTree = "<group>"; };
		A943C09B92537628222E1EDB /* BitVector.h */ = {isa = PBXFileReference; lastKnownFileType = sourcecode.c.h; name = BitVector.h; path = Source/Utility/Containers/BitVector.h; sourceTree = "<group>"; };
		AD70B0BD3010896ACC0DB6FD /* Thread.cpp */ = {isa = PBXFileReference; lastKnownFileType = sourcecode.cpp.cpp; name = Thread.cpp; path = Source/Utility/Threading/Thread.cpp; sourceTree = "<group>"; };
		ADBF14D4305EED81CC5C1B14 /* LibIncludes.h */ = {isa = PBXFileReference; lastKnownFileType = sourcecode.c.h; name = LibIncludes.h; path = Source/ExternalLib/LibIncludes.h; sourceTree = "<group>"; };
		AE0CCEBC0E5CCD49DCA86CFC /* Math.h */ = {isa = PBXFileReference; lastKnownFileType = sourcecode.c.h; name = Math.h; path = Source/Math/Math.h; sourceTree = "<group>"; };
		AF8208EA34CC23D7E7675F2A /* InputAction.h */ = {isa = PBXFileReference; lastKnownFileType = sourcecode.c.h; name = InputAction.h; path = Source/Input/InputAction.h; sourceTree = "<group>"; };
		B07E2F765A76E763EA75C5B6 /* AudioListener.cpp */ = {isa = PBXFileReference; lastKnownFileType = sourcecode.cpp.cpp; name = AudioListener.cpp; path = Source/Audio/AudioListener.cpp; sourceTree = "<group>"; };
		B3C4FA9836AD7885B7D810D8 /* Sound.cpp */ = {isa = PBXFileReference; lastKnownFileType = sourcecode.cpp.cpp; name = Sound.cpp; path = Source/Audio/Sound.cpp; sourceTree = "<group>"; };
		B45771578AF25FA4A6953F97 /* ClassTypeId.h */ = {isa = PBXFileReference; lastKnownFileType = sourcecode.c.h; name = ClassTypeId.h; path = Source/Utility/Misc/ClassTypeId.h; sourceTree = "<group>"; };
		BADE3DC9C5E4A4F651146409 /* PhysicsEngine.cpp */ = {isa = PBXFileReference; lastKnownFileType = sourcecode.cpp.cpp; name = PhysicsEngine.cpp; path = Source/Physics/PhysicsEngine.cpp; sourceTree = "<group>"; };
		BF0427034A1B1250E04C3543 /* UnorderedMap.h */ = {isa = PBXFileReference; lastKnownFileType = sourcecode.c.h; name = UnorderedMap.h; path = Source/Utility/Containers/UnorderedMap.h; sourceTree = "<group>"; };
		C0EC753ECBF2DC6B57229B7E /* RenderEngine.cpp */ = {isa = PBXFileReference; lastKnownFileType = sourcecode.cpp.cpp; name = RenderEngine.cpp; path = Source/Rendering/RenderEngine.cpp; sourceTree = "<group>"; };
		C5990AA7C5D594D48C2CF0E7 /* Thread.h */ = {isa = PBXFileReference; lastKnownFileType = sourcecode.c.h; name = Thread.h; path = Source/Utility/Threading/Thread.h; sourceTree = "<group>"; };
		C6916E50C6CDF87D8D255490 /* Material.cpp */ = {isa = PBXFileReference; lastKnownFileType = sourcecode.cpp.cpp; name = Material.cpp; path = Source/Rendering/Material.cpp; sourceTree = "<group>"; };
		C8323BB3D0000B806142E9F3 /* Singleton.h */ = {isa = PBXFileReference; lastKnownFileType = sourcecode.c.h; name = Singleton.h; path = Source/Utility/Misc/Singleton.h; sourceTree = "<group>"; };
		CBB4DF9A3604AFC7CDC445DA /* libPhoenixEngine.a */ = {isa = PBXFileReference; explicitFileType = archive.ar; includeInIndex = 0; name = libPhoenixEngine.a; path = libPhoenixEngine.a; sourceTree = BUILT_PRODUCTS_DIR; };
		CC914C2CCE19159987B7C26C /* GLIncludes.h */ = {isa = PBXFileReference; lastKnownFileType = sourcecode.c.h; name = GLIncludes.h; path = Source/ExternalLib/GLIncludes.h; sourceTree = "<group>"; };
		CE3F0ED5FCCC876202CF2D15 /* Array.h */ = {isa = PBXFileReference; lastKnownFileType = sourcecode.c.h; name = Array.h; path = Source/Utility/Containers/Array.h; sourceTree = "<group>"; };
		D1E2DCE33DB629B02EDDCB23 /* ConsoleWindow.h */ = {isa = PBXFileReference; lastKnownFileType = sourcecode.c.h; name = ConsoleWindow.h; path = Source/Utility/Misc/ConsoleWindow.h; sourceTree = "<group>"; };
		D3414073BC50F6004C2B9EB3 /* StringStream.h */ = {isa = PBXFileReference; lastKnownFileType = sourcecode.c.h; name = StringStream.h; path = Source/Utility/Misc/StringStream.h; sourceTree = "<group>"; };
		D5E15B91D61DE5BE9C7541D1 /* Atomic.h */ = {isa = PBXFileReference; lastKnownFileType = sourcecode.c.h; name = Atomic.h; path = Source/Utility/Threading/Atomic.h; sourceTree = "<group>"; };
		D5E6F2935886CB40F483F8D3 /* PhysicsEngine.h */ = {isa = PBXFileReference; lastKnownFileType = sourcecode.c.h; name = PhysicsEngine.h; path = Source/Physics/PhysicsEngine.h; sourceTree = "<group>"; };
		DD6020CB2EF55AD84C1B1F0B /* GameThread.h */ = {isa = PBXFileReference; lastKnownFileType = sourcecode.c.h; name = GameThread.h; path = Source/Core/GameThread.h; sourceTree = "<group>"; };
		E018A78F31ADE19C4ED3A5CF /* Set.h */ = {isa = PBXFileReference; lastKnownFileType = sourcecode.c.h; name = Set.h; path = Source/Utility/Containers/Set.h; sourceTree = "<group>"; };
		E0336076C67046E3DC8C16B6 /* BulletIncludes.h */ = {isa = PBXFileReference; lastKnownFileType = sourcecode.c.h; name = BulletIncludes.h; path = Source/ExternalLib/BulletIncludes.h; sourceTree = "<group>"; };
		E26366E48C5C1ED11C5AFD24 /* GLEWIncludes.h */ = {isa = PBXFileReference; lastKnownFileType = sourcecode.c.h; name = GLEWIncludes.h; path = Source/ExternalLib/GLEWIncludes.h; sourceTree = "<group>"; };
		E58F5F8C6877DD79E9A275CC /* Log.h */ = {isa = PBXFileReference; lastKnownFileType = sourcecode.c.h; name = Log.h; path = Source/Utility/Debug/Log.h; sourceTree = "<group>"; };
		EE27F113DC3E6E2021E8AF53 /* Engine.h */ = {isa = PBXFileReference; lastKnownFileType = sourcecode.c.h; name = Engine.h; path = Source/Core/Engine.h; sourceTree = "<group>"; };
		F1BB7400F3433D6DACE1EA40 /* AudioListener.h */ = {isa = PBXFileReference; lastKnownFileType = sourcecode.c.h; name = AudioListener.h; path = Source/Audio/AudioListener.h; sourceTree = "<group>"; };
		F271DA7EA04B8E8B79E158BE /* Win32Window.h */ = {isa = PBXFileReference; lastKnownFileType = sourcecode.c.h; name = Win32Window.h; path = Source/Platform/Windowing/Win32Window.h; sourceTree = "<group>"; };
		F745ADE679E5869315E2B426 /* GLMIncludes.h */ = {isa = PBXFileReference; lastKnownFileType = sourcecode.c.h; name = GLMIncludes.h; path = Source/ExternalLib/GLMIncludes.h; sourceTree = "<group>"; };
		F954F22A2BD5E937194A306A /* IWindow.h */ = {isa = PBXFileReference; lastKnownFileType = sourcecode.c.h; name = IWindow.h; path = Source/Platform/Windowing/IWindow.h; sourceTree = "<group>"; };
		FA90EF0C0597563990C7154C /* ConsoleColor.h */ = {isa = PBXFileReference; lastKnownFileType = sourcecode.c.h; name = ConsoleColor.h; path = Source/Utility/Debug/ConsoleColor.h; sourceTree = "<group>"; };
		FBB957E12A46D06E30497621 /* Queue.h */ = {isa = PBXFileReference; lastKnownFileType = sourcecode.c.h; name = Queue.h; path = Source/Utility/Containers/Queue.h; sourceTree = "<group>"; };
		FE2665569BC611C3665A9B96 /* Debug.h */ = {isa = PBXFileReference; lastKnownFileType = sourcecode.c.h; name = Debug.h; path = Source/Utility/Debug/Debug.h; sourceTree = "<group>"; };
/* End PBXFileReference section */

/* Begin PBXFrameworksBuildPhase section */
		14789B0A60155CB7244EE14A /* Frameworks */ = {
			isa = PBXFrameworksBuildPhase;
			buildActionMask = 2147483647;
			files = (
				7D83591D7DBFE34A44173F5D /* OpenGL.framework in Frameworks */,
			);
			runOnlyForDeploymentPostprocessing = 0;
		};
/* End PBXFrameworksBuildPhase section */

/* Begin PBXGroup section */
		1CC430890ADAAD965084EEC9 /* FileIO */ = {
			isa = PBXGroup;
			children = (
				3884522D405221FAD195006D /* Endian.cpp */,
				4B726077573E51C454E5EEB7 /* Endian.h */,
				8BB6B0B162519EFE7DF47EF1 /* FileStream.h */,
			);
			name = FileIO;
			sourceTree = "<group>";
		};
		2525FFEA37BAC17712275E2A /* Math */ = {
			isa = PBXGroup;
			children = (
				AE0CCEBC0E5CCD49DCA86CFC /* Math.h */,
				0E924F3EEE8A8ACB95082D7E /* Matrix2D.h */,
				1FE65980FFDE950DA65C37C0 /* Matrix3D.h */,
				313A63C211329F4FB7B04202 /* Matrix4D.h */,
				9A38DF74EBCE198108F3DDB4 /* Quaternion.h */,
				7DBAF73A5DB332C70430D57A /* Vector2D.h */,
				8F0F017C6F073D091584DFBC /* Vector3D.h */,
				A0630BBE805B474B26D8E9FE /* Vector4D.h */,
			);
			name = Math;
			sourceTree = "<group>";
		};
		27AF9D9EE6E494EB324EABDE /* Utility */ = {
			isa = PBXGroup;
			children = (
				2EA5B445803AEE529D60B285 /* Containers */,
				F43FE7C7A889BD94383C1607 /* Debug */,
				1CC430890ADAAD965084EEC9 /* FileIO */,
				9341CBB1F391CA3EC1DD69F1 /* Misc */,
				97897705567EC9D292EFE545 /* Threading */,
			);
			name = Utility;
			sourceTree = "<group>";
		};
		2E41B42BB1AEAE78A2D6826B /* Sources */ = {
			isa = PBXGroup;
			children = (
				9D20181AA7EB70E7CFF2065A /* Audio */,
				B4FC1AA8C790DC35A1FD78E8 /* Core */,
				93F7A0AA61A194F7BAE0EEEA /* ExternalLib */,
				7CE3DD8A8F789F1769E53BCA /* Game */,
				A86FCB56B33B2423DB41B996 /* Input */,
				2525FFEA37BAC17712275E2A /* Math */,
				F760295CB69520A901FF379C /* Physics */,
				C4E9E2A02539E12DF38580E0 /* Platform */,
				739E08B227E7DE7FB79A36F2 /* Rendering */,
				27AF9D9EE6E494EB324EABDE /* Utility */,
			);
			name = Sources;
			sourceTree = "<group>";
		};
		2EA5B445803AEE529D60B285 /* Containers */ = {
			isa = PBXGroup;
			children = (
				CE3F0ED5FCCC876202CF2D15 /* Array.h */,
				628EEB333929D98054CCB973 /* BitArray.h */,
				A943C09B92537628222E1EDB /* BitVector.h */,
				2EC4902F3A90817C38381E6F /* List.h */,
				3F695FB390FE99C0AE245DF3 /* Map.h */,
				47D49525F45387B2DB593365 /* PriorityQueue.h */,
				FBB957E12A46D06E30497621 /* Queue.h */,
				E018A78F31ADE19C4ED3A5CF /* Set.h */,
				BF0427034A1B1250E04C3543 /* UnorderedMap.h */,
				844DF51D8C1BC4EA1D5EA35D /* Vector.h */,
			);
			name = Containers;
			sourceTree = "<group>";
		};
		424BE1FCFF9DDF496716703C /* Frameworks */ = {
			isa = PBXGroup;
			children = (
				8AA826256AA061B2111E0465 /* OpenGL.framework */,
			);
			name = Frameworks;
			sourceTree = "<group>";
		};
		739E08B227E7DE7FB79A36F2 /* Rendering */ = {
			isa = PBXGroup;
			children = (
				2A3B75242BC33E91E561EB64 /* GLInterface.h */,
				C6916E50C6CDF87D8D255490 /* Material.cpp */,
				9AE185FA1F1E01A7E0FC4C3A /* Material.h */,
				C0EC753ECBF2DC6B57229B7E /* RenderEngine.cpp */,
				32232E28B4C306D550C03468 /* RenderEngine.h */,
			);
			name = Rendering;
			sourceTree = "<group>";
		};
		7CE3DD8A8F789F1769E53BCA /* Game */ = {
			isa = PBXGroup;
			children = (
				08A7A662F6BE236F3C6864A2 /* Game.cpp */,
				9E73C52CFEC3C3B9CD0F636C /* Game.h */,
			);
			name = Game;
			sourceTree = "<group>";
		};
		9341CBB1F391CA3EC1DD69F1 /* Misc */ = {
			isa = PBXGroup;
			children = (
				0F9CDE1B176AADE8A8AD8C5B /* Algorithm.h */,
				8981E38F914FB35C229291CF /* Allocator.h */,
				B45771578AF25FA4A6953F97 /* ClassTypeId.h */,
				D1E2DCE33DB629B02EDDCB23 /* ConsoleWindow.h */,
				644C74B992D9ED4698DC92F9 /* Function.h */,
				035CE41F54F21E2C7217E25F /* Memory.h */,
				0F64ED67F874A2F4884F4BA7 /* OutputStream.h */,
				535A3E4585DB3552734F7C85 /* Primitives.h */,
				C8323BB3D0000B806142E9F3 /* Singleton.h */,
				4B3E0CDB9CD346E8B9F90B1B /* String.h */,
				D3414073BC50F6004C2B9EB3 /* StringStream.h */,
				10BC2F0FCFB181DC0C229D4F /* Timer.h */,
			);
			name = Misc;
			sourceTree = "<group>";
		};
		93F7A0AA61A194F7BAE0EEEA /* ExternalLib */ = {
			isa = PBXGroup;
			children = (
				E0336076C67046E3DC8C16B6 /* BulletIncludes.h */,
				E26366E48C5C1ED11C5AFD24 /* GLEWIncludes.h */,
				A0CF58864AC81073DAC6EEC6 /* GLFWIncludes.h */,
				CC914C2CCE19159987B7C26C /* GLIncludes.h */,
				F745ADE679E5869315E2B426 /* GLMIncludes.h */,
				0597AE9AF38C03874FE184DA /* IrrKlangIncludes.h */,
				ADBF14D4305EED81CC5C1B14 /* LibIncludes.h */,
			);
			name = ExternalLib;
			sourceTree = "<group>";
		};
		97897705567EC9D292EFE545 /* Threading */ = {
			isa = PBXGroup;
			children = (
				D5E15B91D61DE5BE9C7541D1 /* Atomic.h */,
				37B822DDBD023DCA6F9D791D /* Mutex.h */,
				AD70B0BD3010896ACC0DB6FD /* Thread.cpp */,
				C5990AA7C5D594D48C2CF0E7 /* Thread.h */,
				3230BA8B26BE4D38BC9240CB /* ThreadSafeVector.h */,
			);
			name = Threading;
			sourceTree = "<group>";
		};
		9D20181AA7EB70E7CFF2065A /* Audio */ = {
			isa = PBXGroup;
			children = (
				6DB1D7566F39A0C328D84D96 /* AudioEngine.cpp */,
				53FDF2A0D9480D8D8BE348E0 /* AudioEngine.h */,
				B07E2F765A76E763EA75C5B6 /* AudioListener.cpp */,
				F1BB7400F3433D6DACE1EA40 /* AudioListener.h */,
				B3C4FA9836AD7885B7D810D8 /* Sound.cpp */,
				8886A962C60B38CF4C089FA2 /* Sound.h */,
			);
			name = Audio;
			sourceTree = "<group>";
		};
		A86FCB56B33B2423DB41B996 /* Input */ = {
			isa = PBXGroup;
			children = (
				1EF435E4A1DCB3D123074C24 /* Input.cpp */,
				9345CBEED0CA5B5B56C7C22E /* Input.h */,
				AF8208EA34CC23D7E7675F2A /* InputAction.h */,
				4FF61216D2DE900354092856 /* KeyCode.h */,
				5E46C3BEE390DEAB962C19FE /* KeyModifier.h */,
				1E9207B42019D121D9B87DF4 /* KeyboardEvent.h */,
				A3CDB7982917D285DBB30DD8 /* MouseButton.h */,
				6E4050701839085DA837E6B0 /* MouseClickEvent.h */,
			);
			name = Input;
			sourceTree = "<group>";
		};
		B4FC1AA8C790DC35A1FD78E8 /* Core */ = {
			isa = PBXGroup;
			children = (
				A219A9C98211E556288F8809 /* Engine.cpp */,
				EE27F113DC3E6E2021E8AF53 /* Engine.h */,
				38A734016734AC8E6D375241 /* GameThread.cpp */,
				DD6020CB2EF55AD84C1B1F0B /* GameThread.h */,
			);
			name = Core;
			sourceTree = "<group>";
		};
		B5A0B08C4837C6B96C2B96CC /* PhoenixEngine */ = {
			isa = PBXGroup;
			children = (
				2E41B42BB1AEAE78A2D6826B /* Sources */,
				424BE1FCFF9DDF496716703C /* Frameworks */,
				EA8E290F7CB66F1CB2E0274F /* Products */,
			);
			name = PhoenixEngine;
			sourceTree = "<group>";
		};
		C4E9E2A02539E12DF38580E0 /* Platform */ = {
			isa = PBXGroup;
			children = (
				F6ECBDB6948C6A235F20F3F6 /* Windowing */,
			);
			name = Platform;
			sourceTree = "<group>";
		};
		EA8E290F7CB66F1CB2E0274F /* Products */ = {
			isa = PBXGroup;
			children = (
				CBB4DF9A3604AFC7CDC445DA /* libPhoenixEngine.a */,
			);
			name = Products;
			sourceTree = "<group>";
		};
		F43FE7C7A889BD94383C1607 /* Debug */ = {
			isa = PBXGroup;
			children = (
				198A274C9DC6A2F95FA4ED8C /* Assert.h */,
				FA90EF0C0597563990C7154C /* ConsoleColor.h */,
				FE2665569BC611C3665A9B96 /* Debug.h */,
				E58F5F8C6877DD79E9A275CC /* Log.h */,
			);
			name = Debug;
			sourceTree = "<group>";
		};
		F6ECBDB6948C6A235F20F3F6 /* Windowing */ = {
			isa = PBXGroup;
			children = (
				F954F22A2BD5E937194A306A /* IWindow.h */,
				0B840B54B802FDE19F08A994 /* Win32Window.cpp */,
				F271DA7EA04B8E8B79E158BE /* Win32Window.h */,
			);
			name = Windowing;
			sourceTree = "<group>";
		};
		F760295CB69520A901FF379C /* Physics */ = {
			isa = PBXGroup;
			children = (
				BADE3DC9C5E4A4F651146409 /* PhysicsEngine.cpp */,
				D5E6F2935886CB40F483F8D3 /* PhysicsEngine.h */,
				024F923D8538102A0662A87D /* Temp.txt */,
			);
			name = Physics;
			sourceTree = "<group>";
		};
/* End PBXGroup section */

/* Begin PBXNativeTarget section */
		322BCF40927BCDCD60C76D80 /* PhoenixEngine */ = {
			isa = PBXNativeTarget;
			buildConfigurationList = F09AF6C93C37B87600713D09 /* Build configuration list for PBXNativeTarget "PhoenixEngine" */;
			buildPhases = (
				96497FAAE1E64157A61FC5EA /* Resources */,
				2FFF07617B9BC90E3FD54DA1 /* Sources */,
				14789B0A60155CB7244EE14A /* Frameworks */,
			);
			buildRules = (
			);
			dependencies = (
			);
			name = PhoenixEngine;
			productName = PhoenixEngine;
			productReference = CBB4DF9A3604AFC7CDC445DA /* libPhoenixEngine.a */;
			productType = "com.apple.product-type.library.static";
		};
/* End PBXNativeTarget section */

/* Begin PBXProject section */
		08FB7793FE84155DC02AAC07 /* Project object */ = {
			isa = PBXProject;
			buildConfigurationList = 1DEB928908733DD80010E9CD /* Build configuration list for PBXProject "PhoenixEngine" */;
			compatibilityVersion = "Xcode 3.2";
			hasScannedForEncodings = 1;
			mainGroup = B5A0B08C4837C6B96C2B96CC /* PhoenixEngine */;
			projectDirPath = "";
			projectRoot = "";
			targets = (
				322BCF40927BCDCD60C76D80 /* libPhoenixEngine.a */,
			);
		};
/* End PBXProject section */

/* Begin PBXResourcesBuildPhase section */
		96497FAAE1E64157A61FC5EA /* Resources */ = {
			isa = PBXResourcesBuildPhase;
			buildActionMask = 2147483647;
			files = (
			);
			runOnlyForDeploymentPostprocessing = 0;
		};
/* End PBXResourcesBuildPhase section */

/* Begin PBXSourcesBuildPhase section */
		2FFF07617B9BC90E3FD54DA1 /* Sources */ = {
			isa = PBXSourcesBuildPhase;
			buildActionMask = 2147483647;
			files = (
				238C154ED165C95BAAFB938E /* AudioEngine.cpp in Sources */,
				ABF0D56E586FC7FB3F7573AE /* AudioListener.cpp in Sources */,
				9AB8EFB0C946683DCF490DF0 /* Sound.cpp in Sources */,
				9F1065819F4CEFAE65A44BC1 /* Engine.cpp in Sources */,
				CFDA2339DAE08A6666104979 /* GameThread.cpp in Sources */,
				A9C0A49A2DFD2047EFDB6ADA /* Game.cpp in Sources */,
				465A8EDC74E807697AEAAD1C /* Input.cpp in Sources */,
				B24DEAE17A53B4AE39731921 /* PhysicsEngine.cpp in Sources */,
				A09807AC71D928D9F0D2ADEC /* Win32Window.cpp in Sources */,
				2C5BB728982F03F58956A568 /* Material.cpp in Sources */,
				4A5C8DF6126257C3D181BC36 /* RenderEngine.cpp in Sources */,
				20CC480507092E721D24FE45 /* Endian.cpp in Sources */,
				67FAD5B5F311C1028942E3F5 /* Thread.cpp in Sources */,
			);
			runOnlyForDeploymentPostprocessing = 0;
		};
/* End PBXSourcesBuildPhase section */

/* Begin PBXVariantGroup section */
/* End PBXVariantGroup section */

/* Begin XCBuildConfiguration section */
		503BAE502F3B5B7DA56D5490 /* Debug */ = {
			isa = XCBuildConfiguration;
			buildSettings = {
				ALWAYS_SEARCH_USER_PATHS = NO;
				CONFIGURATION_BUILD_DIR = ../Build/Debug;
				GCC_DYNAMIC_NO_PIC = NO;
				INSTALL_PATH = /usr/local/lib;
				PRODUCT_NAME = PhoenixEngine;
			};
			name = Debug;
		};
		6121D11A6BED29E793F3BF5A /* Debug */ = {
			isa = XCBuildConfiguration;
			buildSettings = {
				CONFIGURATION_BUILD_DIR = "$(SYMROOT)";
				CONFIGURATION_TEMP_DIR = "$(OBJROOT)";
				COPY_PHASE_STRIP = NO;
				GCC_C_LANGUAGE_STANDARD = gnu99;
				GCC_ENABLE_FIX_AND_CONTINUE = YES;
				GCC_OPTIMIZATION_LEVEL = 0;
				GCC_PREPROCESSOR_DEFINITIONS = (
					DEBUG,
				);
				GCC_SYMBOLS_PRIVATE_EXTERN = NO;
				GCC_WARN_ABOUT_RETURN_TYPE = YES;
				GCC_WARN_UNUSED_VARIABLE = YES;
				LIBRARY_SEARCH_PATHS = (
					../Libraries/Lib/Debug.x64/Assimp,
					../Libraries/Lib/Debug.x64/IrrKlang,
				);
				OBJROOT = obj/x64/Debug;
				ONLY_ACTIVE_ARCH = YES;
				OTHER_CFLAGS = (
					"-F ./Libraries/Lib/Debug.x64/IrrKlang -L ./Libraries/Lib/Debug.x64/IrrKlang",
					"-std=c++1y",
					"-stdlib=libc++",
				);
				OTHER_LDFLAGS = (
					"-lglfw3",
					"-lirrklang",
					"-lglew",
					"-F ./Libraries/Lib/Debug.x64/IrrKlang -L ./Libraries/Lib/Debug.x64/IrrKlang",
					"-std=c++1y",
					"-stdlib=libc++",
				);
				SYMROOT = ../Build/Debug;
				USER_HEADER_SEARCH_PATHS = (
					Source,
					../Libraries/Include,
				);
			};
			name = Debug;
		};
		7C9DA6CA1A3D5337E4D1DD0A /* Release */ = {
			isa = XCBuildConfiguration;
			buildSettings = {
				ALWAYS_SEARCH_USER_PATHS = NO;
				CONFIGURATION_BUILD_DIR = ../Build/Release;
				DEBUG_INFORMATION_FORMAT = "dwarf-with-dsym";
				GCC_DYNAMIC_NO_PIC = NO;
				INSTALL_PATH = /usr/local/lib;
				PRODUCT_NAME = PhoenixEngine;
			};
			name = Release;
		};
		9F3E0F948A42CFA1CE448DD4 /* Release */ = {
			isa = XCBuildConfiguration;
			buildSettings = {
				CONFIGURATION_BUILD_DIR = "$(SYMROOT)";
				CONFIGURATION_TEMP_DIR = "$(OBJROOT)";
				GCC_C_LANGUAGE_STANDARD = gnu99;
				GCC_OPTIMIZATION_LEVEL = 3;
				GCC_PREPROCESSOR_DEFINITIONS = (
					NDEBUG,
				);
				GCC_SYMBOLS_PRIVATE_EXTERN = NO;
				GCC_WARN_ABOUT_RETURN_TYPE = YES;
				GCC_WARN_UNUSED_VARIABLE = YES;
				LIBRARY_SEARCH_PATHS = (
					../Libraries/Lib/Release.x64/Assimp,
					../Libraries/Lib/Release.x64/IrrKlang,
				);
				OBJROOT = obj/x64/Release;
				ONLY_ACTIVE_ARCH = NO;
				OTHER_CFLAGS = (
					"-F ./Libraries/Lib/Release.x64/IrrKlang -L ./Libraries/Lib/Release.x64/IrrKlang",
					"-std=c++1y",
					"-stdlib=libc++",
				);
				OTHER_LDFLAGS = (
					"-lglfw3",
					"-lirrklang",
					"-lglew",
					"-F ./Libraries/Lib/Release.x64/IrrKlang -L ./Libraries/Lib/Release.x64/IrrKlang",
					"-std=c++1y",
					"-stdlib=libc++",
				);
				SYMROOT = ../Build/Release;
				USER_HEADER_SEARCH_PATHS = (
					Source,
					../Libraries/Include,
				);
			};
			name = Release;
		};
/* End XCBuildConfiguration section */

/* Begin XCConfigurationList section */
		1DEB928908733DD80010E9CD /* Build configuration list for PBXProject "PhoenixEngine" */ = {
			isa = XCConfigurationList;
			buildConfigurations = (
				6121D11A6BED29E793F3BF5A /* Debug */,
				6121D11A6BED29E793F3BF5A /* Debug */,
				9F3E0F948A42CFA1CE448DD4 /* Release */,
				9F3E0F948A42CFA1CE448DD4 /* Release */,
			);
			defaultConfigurationIsVisible = 0;
			defaultConfigurationName = Debug;
		};
		F09AF6C93C37B87600713D09 /* Build configuration list for PBXNativeTarget "libPhoenixEngine.a" */ = {
			isa = XCConfigurationList;
			buildConfigurations = (
				503BAE502F3B5B7DA56D5490 /* Debug */,
				503BAE502F3B5B7DA56D5490 /* Debug */,
				7C9DA6CA1A3D5337E4D1DD0A /* Release */,
				7C9DA6CA1A3D5337E4D1DD0A /* Release */,
			);
			defaultConfigurationIsVisible = 0;
			defaultConfigurationName = Debug;
		};
/* End XCConfigurationList section */
};
rootObject = 08FB7793FE84155DC02AAC07 /* Project object */;
}
