// !$*UTF8*$!
{
	archiveVersion = 1;
	classes = {
	};
	objectVersion = 46;
	objects = {

/* Begin PBXBuildFile section */
		14FB8F622C5BB70076FF31C51D5324002C3894388956A600 /* Material.cpp in Sources */ = {isa = PBXBuildFile; fileRef = DA491A66C69170006FB3134F5EDE540037ED186A8D255400 /* Material.cpp */; };
		1AC1EA72B2085C003AF08DB74FE95E004785FA852767A400 /* Shader.cpp in Sources */ = {isa = PBXBuildFile; fileRef = ADE4829D868FC8003F2B060949502C00D7F1D2A4A6850800 /* Shader.cpp */; };
		1B77F53F00E3C600186D02A6753E0B00FE19638DF3219000 /* Camera.cpp in Sources */ = {isa = PBXBuildFile; fileRef = 2C659932DEEA8600A59B3C6CF11460009200CC9F25054800 /* Camera.cpp */; };
		1B9FCD16CD73D700B328A3774E97300E02FACD1DAE7D80 /* ComponentFilter.cpp in Sources */ = {isa = PBXBuildFile; fileRef = 7897C4B6DBA240002B8D280DBA44DA00A7ABF3E56F26E000 /* ComponentFilter.cpp */; };
		1F222F701C568B003F50D2B4BA378C004BE63F8291B5D000 /* Transform.cpp in Sources */ = {isa = PBXBuildFile; fileRef = FEA5E62EA5E0580A130E1CEAD1E680039F7AE6A0A534400 /* Transform.cpp */; };
		2B3FDC842BC7FC0031476177F07D54003FD3E278A4EBFC00 /* ImageProcessor.cpp in Sources */ = {isa = PBXBuildFile; fileRef = B86344EB5F66B800B9B16A96A805F00098D69E3DCB31A800 /* ImageProcessor.cpp */; };
		33CD13C59E303600CF63CE1B9DD318006A9C4BF2D827CC00 /* File.cpp in Sources */ = {isa = PBXBuildFile; fileRef = BBB05FB47AA1D0005B9A6A30D2074800D4B200A984156000 /* File.cpp */; };
		3CB63C67A26C4E005CE4DFAC404D5000697A4C7A17CB9400 /* Component.cpp in Sources */ = {isa = PBXBuildFile; fileRef = F41960D94690F000855FE445095150001E26B0E066862C00 /* Component.cpp */; };
		480527E22A0ACC00E9F94D330FA1D0007A5078CAD2E6E000 /* EventHandler.cpp in Sources */ = {isa = PBXBuildFile; fileRef = 4E4736335CB48000744A420BB6B59800138D48947DFC8F00 /* EventHandler.cpp */; };
		4E7BAAFEABF0D4001710E558A9370E07D8FDA2D3F757400 /* AudioListener.cpp in Sources */ = {isa = PBXBuildFile; fileRef = 3F6E391CB07E3000DB04F372B0211000763D7149EA75C400 /* AudioListener.cpp */; };
		59B6D7BB20CC4800FC2EC67C30B178005894775D1D250000 /* Endian.cpp in Sources */ = {isa = PBXBuildFile; fileRef = 468B92DC388454008934A8D7DA6DF00058AF5158D1950000 /* Endian.cpp */; };
		5ABD471F15CCD000F6540175156FB000918C7F4C4FC46800 /* Mesh.cpp in Sources */ = {isa = PBXBuildFile; fileRef = D8291FD83F15500078132A54967AC400F12AC0CD4888E000 /* Mesh.cpp */; };
		61D15FDDDC94C000EF3F9D7DC9FC58002C80577A66F64800 /* RenderCore.cpp in Sources */ = {isa = PBXBuildFile; fileRef = 31A17E6FDC474C0023174552E8D1FE00C33125163B6CA80 /* RenderCore.cpp */; };
		6998C67E9F106400FF02BF67375D4800C73CC48265A44800 /* Engine.cpp in Sources */ = {isa = PBXBuildFile; fileRef = B1D29CCEA219A800F97B20E9E6685000B3639045288F8800 /* Engine.cpp */; };
		69A0D7EEBAC864005379244BA6B47C0A070101BF4BFF800 /* GameScene.cpp in Sources */ = {isa = PBXBuildFile; fileRef = 646F5935578C8C0045963B1AEF1FE807D70FA2A61001800 /* GameScene.cpp */; };
		6ED0EAACFDA2340E31BB67F43C298002E6B070E66104A00 /* GameThread.cpp in Sources */ = {isa = PBXBuildFile; fileRef = DF8ACF438A73400508F47E3FF352C006DE65F516D375400 /* GameThread.cpp */; };
		7518EAE2238C1400668EB1C53016C8004FAA7EC3AAFB9400 /* AudioEngine.cpp in Sources */ = {isa = PBXBuildFile; fileRef = 910BA1686DB1D80028D776D84CCEF200E7A72F7828D85000 /* AudioEngine.cpp */; };
		81DC9ED367FAD800A7DFAAABC1FBF0004722B1348942E400 /* Thread.cpp in Sources */ = {isa = PBXBuildFile; fileRef = B26188A4AD70B0006C787988C83D20001E18D98FCC0DB700 /* Thread.cpp */; };
		85043C3ACF130000E707DE9DC00A68009C4141112C0DE800 /* Model.cpp in Sources */ = {isa = PBXBuildFile; fileRef = 82114E82349E3000177B476ACCEB1600DFB54C85FB321800 /* Model.cpp */; };
		865FE31733763000C195D4B4CDD01800A6EDCE450A088000 /* GFXHandles.cpp in Sources */ = {isa = PBXBuildFile; fileRef = E556D8322A7B78005857B76C85C7BC0121AE8449FDAC100 /* GFXHandles.cpp */; };
		8C2B67B97D835800219560A215D03E00E9CF65BD44174000 /* OpenGL.framework in Frameworks */ = {isa = PBXBuildFile; fileRef = 7ED72E7B8AA82800C67FB296CEF6C800806821F2111E0800 /* OpenGL.framework */; };
		8C59A7E9AB8EF804B5C356E6146E80068B34CDBCF490C00 /* Sound.cpp in Sources */ = {isa = PBXBuildFile; fileRef = 230E90E4B3C4FA00632B3ED493BB9C087F3ED9AB7D81000 /* Sound.cpp */; };
		910BBAB788252800F30F5D1A791C9800A848BF8DE5201800 /* Image.cpp in Sources */ = {isa = PBXBuildFile; fileRef = 723A48F01F89EC007A441D8B7D6D240CFDE46F3E61DD000 /* Image.cpp */; };
		9ECBD63A5072F0007AFA7E0EC45B6800C649CE9DE6A91800 /* Event.cpp in Sources */ = {isa = PBXBuildFile; fileRef = 5AD0122B265DE4009D66AD1AECEBE000BABDC4885AEE0000 /* Event.cpp */; };
		AB6C7615A518180043384B85843530002080425603E8B80 /* Core.cpp in Sources */ = {isa = PBXBuildFile; fileRef = D57840E0BE2A2800A95238DE50B7F0007F13EC12B9909400 /* Core.cpp */; };
		BF3AF09B48101800B0B0B77E549AD00099CC847CCF7F9800 /* GFXEngine.cpp in Sources */ = {isa = PBXBuildFile; fileRef = C75849241FF4A0005F241E93FF11BC001DF3D733DB1B1900 /* GFXEngine.cpp */; };
		C5AEA021DBF62800A7990157721F380047784A233859500 /* GenericWindow.cpp in Sources */ = {isa = PBXBuildFile; fileRef = 2367CD9DF803AA0035099BD0AAF9B4003501E29EFC1C1000 /* GenericWindow.cpp */; };
		CBABC6BE4E10100E08E2172D803F00ED2E15BE50ABF800 /* GFXCaches.cpp in Sources */ = {isa = PBXBuildFile; fileRef = 7682150C1CF3D800D885B76F0DEB48008DBF19E279EEC800 /* GFXCaches.cpp */; };
		D3EB9EC506F36000BA5025A8A117580041F3FD4A513D3400 /* GameObject.cpp in Sources */ = {isa = PBXBuildFile; fileRef = FF73A1681E59D800FC68AECF92B42000E2150FB71097A800 /* GameObject.cpp */; };
		ED8AC3D5C44D6000CC14BBE1F98AD8057038610DCA9380 /* GameObjectIdPool.cpp in Sources */ = {isa = PBXBuildFile; fileRef = 8AA652445153F004E85F9AD56CC80004D871A45CC3A6C00 /* GameObjectIdPool.cpp */; };
		F2A57E46F76ED80011DC062F52BA2B00A8AF2D240EC1100 /* ComponentStorage.cpp in Sources */ = {isa = PBXBuildFile; fileRef = 73AED00A04680C00B98A6493161F4800B88B852B8B8D3800 /* ComponentStorage.cpp */; };
		FE1281C3B057480041A06B7750C9D8012A687B8297B4500 /* ModelProcessor.cpp in Sources */ = {isa = PBXBuildFile; fileRef = 3DDCAF822F2002052BF0A36B913E40E451244A8EBCF800 /* ModelProcessor.cpp */; };
/* End PBXBuildFile section */

/* Begin PBXFileReference section */
		104FBB313C77B800D44C898B0D1FC80F2F129802EB58800 /* HandleData.h */ = {isa = PBXFileReference; lastKnownFileType = sourcecode.c.h; name = HandleData.h; path = Source/Utility/Handle/HandleData.h; sourceTree = "<group>"; };
		10BC00D669F0A907A41634778C8E80066A6F379ACB9D000 /* Image.h */ = {isa = PBXFileReference; lastKnownFileType = sourcecode.c.h; name = Image.h; path = Source/Rendering/Image/Image.h; sourceTree = "<group>"; };
		1530DFF2DD6021004768CD9F4A88300094641F914C1B2000 /* GameThread.h */ = {isa = PBXFileReference; lastKnownFileType = sourcecode.c.h; name = GameThread.h; path = Source/Core/GameThread.h; sourceTree = "<group>"; };
		15C719E3BF0427003BCA25BC19053E00DB0D2C44E04C3800 /* UnorderedMap.h */ = {isa = PBXFileReference; lastKnownFileType = sourcecode.c.h; name = UnorderedMap.h; path = Source/Utility/Containers/UnorderedMap.h; sourceTree = "<group>"; };
		18B8B70FB1695B005B4F51FF77F7540078A6696CE5F97800 /* Transform.h */ = {isa = PBXFileReference; lastKnownFileType = sourcecode.c.h; name = Transform.h; path = Source/Components/Transform.h; sourceTree = "<group>"; };
		19A39010AE0CCF002D1D56D2094E22001254061EDCA86D00 /* Math.h */ = {isa = PBXFileReference; lastKnownFileType = sourcecode.c.h; name = Math.h; path = Source/Math/Math.h; sourceTree = "<group>"; };
		1A3B6B184B726000BA257594A2D7D000333D0C0D54E5EE00 /* Endian.h */ = {isa = PBXFileReference; lastKnownFileType = sourcecode.c.h; name = Endian.h; path = Source/Utility/FileIO/Endian.h; sourceTree = "<group>"; };
		1B5F500D25C2C300D57640F1408F30008716A0F8445FC800 /* FBXIncludes.h */ = {isa = PBXFileReference; lastKnownFileType = sourcecode.c.h; name = FBXIncludes.h; path = Source/ExternalLib/FBXIncludes.h; sourceTree = "<group>"; };
		1C4A28E8BAAA0E00B97582EFFEBDE000557FE87EF28F6400 /* GFXEngine.h */ = {isa = PBXFileReference; lastKnownFileType = sourcecode.c.h; name = GFXEngine.h; path = Source/Rendering/GFXEngine.h; sourceTree = "<group>"; };
		1F2E1BF487042300453127CCE1053C00E4742E55A84C3000 /* ComponentStorage.h */ = {isa = PBXFileReference; lastKnownFileType = sourcecode.c.h; name = ComponentStorage.h; path = Source/Components/ComponentStorage.h; sourceTree = "<group>"; };
		203C040F80C8F2005273F1BBEDF100009F6F43ADEF83F000 /* MathCommon.h */ = {isa = PBXFileReference; lastKnownFileType = sourcecode.c.h; name = MathCommon.h; path = Source/Math/MathCommon.h; sourceTree = "<group>"; };
		230E90E4B3C4FA00632B3ED493BB9C087F3ED9AB7D81000 /* Sound.cpp */ = {isa = PBXFileReference; lastKnownFileType = sourcecode.cpp.cpp; name = Sound.cpp; path = Source/Audio/Sound.cpp; sourceTree = "<group>"; };
		2367CD9DF803AA0035099BD0AAF9B4003501E29EFC1C1000 /* GenericWindow.cpp */ = {isa = PBXFileReference; lastKnownFileType = sourcecode.cpp.cpp; name = GenericWindow.cpp; path = Source/Platform/Window/GenericWindow.cpp; sourceTree = "<group>"; };
		25FB3E77CCE2A6006891D96793709C0085E8F0D50172C800 /* Component.h */ = {isa = PBXFileReference; lastKnownFileType = sourcecode.c.h; name = Component.h; path = Source/Components/Component.h; sourceTree = "<group>"; };
		26AF22F7E2636600C245DD4DE20648005D7E5B251C5AFC00 /* GLEWIncludes.h */ = {isa = PBXFileReference; lastKnownFileType = sourcecode.c.h; name = GLEWIncludes.h; path = Source/ExternalLib/GLEWIncludes.h; sourceTree = "<group>"; };
		2791B64547D49600DA87199C2677300056A5E573DB593400 /* PriorityQueue.h */ = {isa = PBXFileReference; lastKnownFileType = sourcecode.c.h; name = PriorityQueue.h; path = Source/Utility/Containers/PriorityQueue.h; sourceTree = "<group>"; };
		2BF027A2C581CE00DEE58AF9A42468005B0456D159066C00 /* ShaderUniforms.h */ = {isa = PBXFileReference; lastKnownFileType = sourcecode.c.h; name = ShaderUniforms.h; path = Source/Rendering/Shader/ShaderUniforms.h; sourceTree = "<group>"; };
		2C659932DEEA8600A59B3C6CF11460009200CC9F25054800 /* Camera.cpp */ = {isa = PBXFileReference; lastKnownFileType = sourcecode.cpp.cpp; name = Camera.cpp; path = Source/Rendering/Camera.cpp; sourceTree = "<group>"; };
		2D8234015C6C2A002A774168D0C66E001023A2504EA9F700 /* MatrixTransform.h */ = {isa = PBXFileReference; lastKnownFileType = sourcecode.c.h; name = MatrixTransform.h; path = Source/Math/MatrixTransform.h; sourceTree = "<group>"; };
		31A17E6FDC474C0023174552E8D1FE00C33125163B6CA80 /* RenderCore.cpp */ = {isa = PBXFileReference; lastKnownFileType = sourcecode.cpp.cpp; name = RenderCore.cpp; path = Source/Components/Cores/RenderCore.cpp; sourceTree = "<group>"; };
		33084E239A38E00065403BD00760EC00B23B8DC208F3E000 /* Quaternion.h */ = {isa = PBXFileReference; lastKnownFileType = sourcecode.c.h; name = Quaternion.h; path = Source/Math/Quaternion.h; sourceTree = "<group>"; };
		348C0393230BA8090B6FDD91F985000CDF7B7D5BC924000 /* ThreadSafeVector.h */ = {isa = PBXFileReference; lastKnownFileType = sourcecode.c.h; name = ThreadSafeVector.h; path = Source/Utility/Threading/ThreadSafeVector.h; sourceTree = "<group>"; };
		3A6767B498C5C4005A960AF936A6C400672B77C70E250800 /* ImageHandles.h */ = {isa = PBXFileReference; lastKnownFileType = sourcecode.c.h; name = ImageHandles.h; path = Source/Rendering/Handles/ImageHandles.h; sourceTree = "<group>"; };
		3AEE6763ADBF1400F5055847C88B8000A6A5B84ECC5C1800 /* LibIncludes.h */ = {isa = PBXFileReference; lastKnownFileType = sourcecode.c.h; name = LibIncludes.h; path = Source/ExternalLib/LibIncludes.h; sourceTree = "<group>"; };
		3DDCAF822F2002052BF0A36B913E40E451244A8EBCF800 /* ModelProcessor.cpp */ = {isa = PBXFileReference; lastKnownFileType = sourcecode.cpp.cpp; name = ModelProcessor.cpp; path = Source/Rendering/Model/ModelProcessor.cpp; sourceTree = "<group>"; };
		3F6E391CB07E3000DB04F372B0211000763D7149EA75C400 /* AudioListener.cpp */ = {isa = PBXFileReference; lastKnownFileType = sourcecode.cpp.cpp; name = AudioListener.cpp; path = Source/Audio/AudioListener.cpp; sourceTree = "<group>"; };
		468B92DC388454008934A8D7DA6DF00058AF5158D1950000 /* Endian.cpp */ = {isa = PBXFileReference; lastKnownFileType = sourcecode.cpp.cpp; name = Endian.cpp; path = Source/Utility/FileIO/Endian.cpp; sourceTree = "<group>"; };
		46FE0DFB661C980089A723F7080630005921CC77FF2D4400 /* GameObject.h */ = {isa = PBXFileReference; lastKnownFileType = sourcecode.c.h; name = GameObject.h; path = Source/GameObject/GameObject.h; sourceTree = "<group>"; };
		4815D521A867CC0022CC605C3343AC0B3CD260CC704D000 /* ImageData.h */ = {isa = PBXFileReference; lastKnownFileType = sourcecode.c.h; name = ImageData.h; path = Source/Rendering/Image/ImageData.h; sourceTree = "<group>"; };
		4818141E37B82400E5436E257BCBF800814DD3B46F9D7800 /* Mutex.h */ = {isa = PBXFileReference; lastKnownFileType = sourcecode.c.h; name = Mutex.h; path = Source/Utility/Threading/Mutex.h; sourceTree = "<group>"; };
		4A19C4CFB04A74008FF55958C201B0008EF679F1376FA000 /* ComponentTypeArray.h */ = {isa = PBXFileReference; lastKnownFileType = sourcecode.c.h; name = ComponentTypeArray.h; path = Source/Components/ComponentTypeArray.h; sourceTree = "<group>"; };
		4B76309210BC30001F50288FA349F900F511DBC40C22A000 /* Timer.h */ = {isa = PBXFileReference; lastKnownFileType = sourcecode.c.h; name = Timer.h; path = Source/Utility/Misc/Timer.h; sourceTree = "<group>"; };
		4E4736335CB48000744A420BB6B59800138D48947DFC8F00 /* EventHandler.cpp */ = {isa = PBXFileReference; lastKnownFileType = sourcecode.cpp.cpp; name = EventHandler.cpp; path = Source/Platform/Event/EventHandler.cpp; sourceTree = "<group>"; };
		53B2EB6FC3C6180085EAD91C30EE2800D2E62B0E32811800 /* Event.h */ = {isa = PBXFileReference; lastKnownFileType = sourcecode.c.h; name = Event.h; path = Source/Platform/Event/Event.h; sourceTree = "<group>"; };
		55C5E49AE9C514013CA635FA29B9B0016129C1E2786B000 /* RenderCore.h */ = {isa = PBXFileReference; lastKnownFileType = sourcecode.c.h; name = RenderCore.h; path = Source/Components/Cores/RenderCore.h; sourceTree = "<group>"; };
		56D9DB9E18F54400330883728CDDBE007E57D401AF2B6C00 /* GFXHandles.h */ = {isa = PBXFileReference; lastKnownFileType = sourcecode.c.h; name = GFXHandles.h; path = Source/Rendering/Handles/GFXHandles.h; sourceTree = "<group>"; };
		578B76C7FBB958009A2211B7C2475000B779292530497800 /* Queue.h */ = {isa = PBXFileReference; lastKnownFileType = sourcecode.c.h; name = Queue.h; path = Source/Utility/Containers/Queue.h; sourceTree = "<group>"; };
		57DB48337AA44C0066494D496EA3940068918607F38EA800 /* ModelCache.h */ = {isa = PBXFileReference; lastKnownFileType = sourcecode.c.h; name = ModelCache.h; path = Source/Rendering/Caches/ModelCache.h; sourceTree = "<group>"; };
		585E2E49BCC83C007E613A2216C954001DA440AADE104B00 /* GameObjectIdPool.h */ = {isa = PBXFileReference; lastKnownFileType = sourcecode.c.h; name = GameObjectIdPool.h; path = Source/GameObject/GameObjectIdPool.h; sourceTree = "<group>"; };
		5A0F2FE68BB6B00057043D4E0010F4003CB09E357DF47E00 /* FileStream.h */ = {isa = PBXFileReference; lastKnownFileType = sourcecode.c.h; name = FileStream.h; path = Source/Utility/FileIO/FileStream.h; sourceTree = "<group>"; };
		5A97CBF4C8323C009D40E1F06A1BD8006CBB8A716142E800 /* Singleton.h */ = {isa = PBXFileReference; lastKnownFileType = sourcecode.c.h; name = Singleton.h; path = Source/Utility/Misc/Singleton.h; sourceTree = "<group>"; };
		5AD0122B265DE4009D66AD1AECEBE000BABDC4885AEE0000 /* Event.cpp */ = {isa = PBXFileReference; lastKnownFileType = sourcecode.cpp.cpp; name = Event.cpp; path = Source/Platform/Event/Event.cpp; sourceTree = "<group>"; };
		5D9FDB3599037C0017C9F6A8E8A7525C7D7AD7955C3000 /* AssimpIncludes.h */ = {isa = PBXFileReference; lastKnownFileType = sourcecode.c.h; name = AssimpIncludes.h; path = Source/ExternalLib/AssimpIncludes.h; sourceTree = "<group>"; };
		5E6823A2F745AC00187F148712121D00CA1F748E15E2B800 /* GLMIncludes.h */ = {isa = PBXFileReference; lastKnownFileType = sourcecode.c.h; name = GLMIncludes.h; path = Source/ExternalLib/GLMIncludes.h; sourceTree = "<group>"; };
		61C8912C4E31EC00A45F2C1C14BFE000C1B6438982C20800 /* Shader.h */ = {isa = PBXFileReference; lastKnownFileType = sourcecode.c.h; name = Shader.h; path = Source/Rendering/Shader/Shader.h; sourceTree = "<group>"; };
		625B75A353FDF400FF86CFAA9811C0009B9135398BE34800 /* AudioEngine.h */ = {isa = PBXFileReference; lastKnownFileType = sourcecode.c.h; name = AudioEngine.h; path = Source/Audio/AudioEngine.h; sourceTree = "<group>"; };
		629D74F69BE90400C4A117598CE0700079DA79CCF8E3F000 /* EventHandler.h */ = {isa = PBXFileReference; lastKnownFileType = sourcecode.c.h; name = EventHandler.h; path = Source/Platform/Event/EventHandler.h; sourceTree = "<group>"; };
		646F5935578C8C0045963B1AEF1FE807D70FA2A61001800 /* GameScene.cpp */ = {isa = PBXFileReference; lastKnownFileType = sourcecode.cpp.cpp; name = GameScene.cpp; path = Source/Core/GameScene.cpp; sourceTree = "<group>"; };
		69E97EDA1C8FBC008A18221EBA70C00096AD8EEC91EF0000 /* ModelHandles.h */ = {isa = PBXFileReference; lastKnownFileType = sourcecode.c.h; name = ModelHandles.h; path = Source/Rendering/Handles/ModelHandles.h; sourceTree = "<group>"; };
		6C6AA4772377400052CF2B5ABD9B3800DA7302FC6DC11800 /* ImageProcessor.h */ = {isa = PBXFileReference; lastKnownFileType = sourcecode.c.h; name = ImageProcessor.h; path = Source/Rendering/Image/ImageProcessor.h; sourceTree = "<group>"; };
		72119F932BE46000807FA4A91FE3A80082C7DD67A4CEC000 /* StaticObject.h */ = {isa = PBXFileReference; lastKnownFileType = sourcecode.c.h; name = StaticObject.h; path = Source/Utility/Misc/StaticObject.h; sourceTree = "<group>"; };
		723A48F01F89EC007A441D8B7D6D240CFDE46F3E61DD000 /* Image.cpp */ = {isa = PBXFileReference; lastKnownFileType = sourcecode.cpp.cpp; name = Image.cpp; path = Source/Rendering/Image/Image.cpp; sourceTree = "<group>"; };
		739501C28886A8006D6B0EEDD5E9A0002F017E9F4C08A000 /* Sound.h */ = {isa = PBXFileReference; lastKnownFileType = sourcecode.c.h; name = Sound.h; path = Source/Audio/Sound.h; sourceTree = "<group>"; };
		73AED00A04680C00B98A6493161F4800B88B852B8B8D3800 /* ComponentStorage.cpp */ = {isa = PBXFileReference; lastKnownFileType = sourcecode.cpp.cpp; name = ComponentStorage.cpp; path = Source/Components/ComponentStorage.cpp; sourceTree = "<group>"; };
		742718030597B0005A8B9EE69FBBA400E22F76884FE18800 /* IrrKlangIncludes.h */ = {isa = PBXFileReference; lastKnownFileType = sourcecode.c.h; name = IrrKlangIncludes.h; path = Source/ExternalLib/IrrKlangIncludes.h; sourceTree = "<group>"; };
		7682150C1CF3D800D885B76F0DEB48008DBF19E279EEC800 /* GFXCaches.cpp */ = {isa = PBXFileReference; lastKnownFileType = sourcecode.cpp.cpp; name = GFXCaches.cpp; path = Source/Rendering/Caches/GFXCaches.cpp; sourceTree = "<group>"; };
		77B625F49AE18400F0EBC92EAD0B6000DD515960E0FC5000 /* Material.h */ = {isa = PBXFileReference; lastKnownFileType = sourcecode.c.h; name = Material.h; path = Source/Rendering/Material.h; sourceTree = "<group>"; };
		7897C4B6DBA240002B8D280DBA44DA00A7ABF3E56F26E000 /* ComponentFilter.cpp */ = {isa = PBXFileReference; lastKnownFileType = sourcecode.cpp.cpp; name = ComponentFilter.cpp; path = Source/Components/ComponentFilter.cpp; sourceTree = "<group>"; };
		78CB6D0CC914C409F588C40ABAE68005E2844E087B7C400 /* GLIncludes.h */ = {isa = PBXFileReference; lastKnownFileType = sourcecode.c.h; name = GLIncludes.h; path = Source/ExternalLib/GLIncludes.h; sourceTree = "<group>"; };
		798BEAC3024F94005CB00DCB97C65000DE7147790662A800 /* Temp.txt */ = {isa = PBXFileReference; lastKnownFileType = text; name = Temp.txt; path = Source/Physics/Temp.txt; sourceTree = "<group>"; };
		7B640AFB82A7E80010CE03E41AF4CE00D90808FF493BD000 /* IWindow.h */ = {isa = PBXFileReference; lastKnownFileType = sourcecode.c.h; name = IWindow.h; path = Source/Platform/Window/IWindow.h; sourceTree = "<group>"; };
		7DCA4276D5E15C0013343B5F6E2E4100DB6E407A9C754000 /* Atomic.h */ = {isa = PBXFileReference; lastKnownFileType = sourcecode.c.h; name = Atomic.h; path = Source/Utility/Threading/Atomic.h; sourceTree = "<group>"; };
		7ED72E7B8AA82800C67FB296CEF6C800806821F2111E0800 /* OpenGL.framework */ = {isa = PBXFileReference; lastKnownFileType = wrapper.framework; name = OpenGL.framework; path = System/Library/Frameworks/OpenGL.framework; sourceTree = SDKROOT; };
		82114E82349E3000177B476ACCEB1600DFB54C85FB321800 /* Model.cpp */ = {isa = PBXFileReference; lastKnownFileType = sourcecode.cpp.cpp; name = Model.cpp; path = Source/Rendering/Model/Model.cpp; sourceTree = "<group>"; };
		886D6FAF2A3B78002039451F09589000DF08FDBEE561E800 /* GLInterface.h */ = {isa = PBXFileReference; lastKnownFileType = sourcecode.c.h; name = GLInterface.h; path = Source/Rendering/GLInterface.h; sourceTree = "<group>"; };
		88FAA7BFA0E6B8001A412B2B63A71900B307F7C6C0DBF800 /* FileStream.h */ = {isa = PBXFileReference; lastKnownFileType = sourcecode.c.h; name = FileStream.h; path = Source/Utility/Misc/FileStream.h; sourceTree = "<group>"; };
		8AA00670E58F60006DC429797B062000EF856326E9A27800 /* Log.h */ = {isa = PBXFileReference; lastKnownFileType = sourcecode.c.h; name = Log.h; path = Source/Utility/Debug/Log.h; sourceTree = "<group>"; };
		8AA652445153F004E85F9AD56CC80004D871A45CC3A6C00 /* GameObjectIdPool.cpp */ = {isa = PBXFileReference; lastKnownFileType = sourcecode.cpp.cpp; name = GameObjectIdPool.cpp; path = Source/GameObject/GameObjectIdPool.cpp; sourceTree = "<group>"; };
		8F721C13A0CF58002B08D669A0723C00C6415440DAC6F000 /* GLFWIncludes.h */ = {isa = PBXFileReference; lastKnownFileType = sourcecode.c.h; name = GLFWIncludes.h; path = Source/ExternalLib/GLFWIncludes.h; sourceTree = "<group>"; };
		90C6A980CBB4E0001379486D8F20A1009F85E154CDC44800 /* libPhoenixEngine.a */ = {isa = PBXFileReference; explicitFileType = archive.ar; includeInIndex = 0; name = libPhoenixEngine.a; path = libPhoenixEngine.a; sourceTree = BUILT_PRODUCTS_DIR; };
		910BA1686DB1D80028D776D84CCEF200E7A72F7828D85000 /* AudioEngine.cpp */ = {isa = PBXFileReference; lastKnownFileType = sourcecode.cpp.cpp; name = AudioEngine.cpp; path = Source/Audio/AudioEngine.cpp; sourceTree = "<group>"; };
		950F672BB45770009204749328B1B80077B0D57AA6954000 /* ClassTypeId.h */ = {isa = PBXFileReference; lastKnownFileType = sourcecode.c.h; name = ClassTypeId.h; path = Source/Utility/Misc/ClassTypeId.h; sourceTree = "<group>"; };
		95A493AA03E04000313B4E0003832000CC73CBD73DD7D000 /* SOILIncludes.h */ = {isa = PBXFileReference; lastKnownFileType = sourcecode.c.h; name = SOILIncludes.h; path = Source/ExternalLib/SOILIncludes.h; sourceTree = "<group>"; };
		96D59718FE266800E5EE8EC8E26D700073E6A88A665A9C00 /* Debug.h */ = {isa = PBXFileReference; lastKnownFileType = sourcecode.c.h; name = Debug.h; path = Source/Utility/Debug/Debug.h; sourceTree = "<group>"; };
		977C86A9C59908002CE67F925DE5F000F52084AD8C2CF000 /* Thread.h */ = {isa = PBXFileReference; lastKnownFileType = sourcecode.c.h; name = Thread.h; path = Source/Utility/Threading/Thread.h; sourceTree = "<group>"; };
		97DC1918A943C000A64A1E2E9D430800A89256ED222E2000 /* BitVector.h */ = {isa = PBXFileReference; lastKnownFileType = sourcecode.c.h; name = BitVector.h; path = Source/Utility/Containers/BitVector.h; sourceTree = "<group>"; };
		983D2A7446356800A6AB2F8A3A34B000A8F36848BF1FC800 /* InputAction.h */ = {isa = PBXFileReference; lastKnownFileType = sourcecode.c.h; name = InputAction.h; path = Source/Platform/Input/InputAction.h; sourceTree = "<group>"; };
		9C4F671782EA1800559E12D1F40CB800F4B371A8A9D36800 /* Core.h */ = {isa = PBXFileReference; lastKnownFileType = sourcecode.c.h; name = Core.h; path = Source/Components/Core.h; sourceTree = "<group>"; };
		9D91E727357F9000ABFFEC3D297ED800AE4824FBAE69F000 /* MouseButton.h */ = {isa = PBXFileReference; lastKnownFileType = sourcecode.c.h; name = MouseButton.h; path = Source/Platform/Input/MouseButton.h; sourceTree = "<group>"; };
		A07F8FCD6A16E800745987CAFCA4B0004A1B3AFF657D5400 /* Keys.h */ = {isa = PBXFileReference; lastKnownFileType = sourcecode.c.h; name = Keys.h; path = Source/Platform/Input/Keys.h; sourceTree = "<group>"; };
		A663EE77C0C6800097D9B55ACD51380080F5825948360000 /* ComponentFilter.h */ = {isa = PBXFileReference; lastKnownFileType = sourcecode.c.h; name = ComponentFilter.h; path = Source/Components/ComponentFilter.h; sourceTree = "<group>"; };
		A704CA7E1468B000E99B656DDAF6A8006F27CDB48F8D1C0 /* Handles.h */ = {isa = PBXFileReference; lastKnownFileType = sourcecode.c.h; name = Handles.h; path = Source/Utility/Handle/Handles.h; sourceTree = "<group>"; };
		A879D541F03670007C53CD3F82C43C0052158073EB9CE400 /* File.h */ = {isa = PBXFileReference; lastKnownFileType = sourcecode.c.h; name = File.h; path = Source/Utility/FileIO/File.h; sourceTree = "<group>"; };
		A91897C04B3E1000DB50856CB8661800284BD75EB9F90C00 /* String.h */ = {isa = PBXFileReference; lastKnownFileType = sourcecode.c.h; name = String.h; path = Source/Utility/Misc/String.h; sourceTree = "<group>"; };
		A92E3A00EE27F000DDC5EC95E7E9B000D22A527621E8B000 /* Engine.h */ = {isa = PBXFileReference; lastKnownFileType = sourcecode.c.h; name = Engine.h; path = Source/Core/Engine.h; sourceTree = "<group>"; };
		AA623294CE3F1000ECF8CD8494CD0800A4FE4F202CF2D00 /* Array.h */ = {isa = PBXFileReference; lastKnownFileType = sourcecode.c.h; name = Array.h; path = Source/Utility/Containers/Array.h; sourceTree = "<group>"; };
		AB247430E03360004D9C62F1F0188C00AA0213D2DC8C1800 /* BulletIncludes.h */ = {isa = PBXFileReference; lastKnownFileType = sourcecode.c.h; name = BulletIncludes.h; path = Source/ExternalLib/BulletIncludes.h; sourceTree = "<group>"; };
		ADE4829D868FC8003F2B060949502C00D7F1D2A4A6850800 /* Shader.cpp */ = {isa = PBXFileReference; lastKnownFileType = sourcecode.cpp.cpp; name = Shader.cpp; path = Source/Rendering/Shader/Shader.cpp; sourceTree = "<group>"; };
		AFF26667628EE800ACE773CED6E930009293D4B654CCB800 /* BitArray.h */ = {isa = PBXFileReference; lastKnownFileType = sourcecode.c.h; name = BitArray.h; path = Source/Utility/Containers/BitArray.h; sourceTree = "<group>"; };
		B17438802EC49000515E42FC862A0400CA75D97538382000 /* List.h */ = {isa = PBXFileReference; lastKnownFileType = sourcecode.c.h; name = List.h; path = Source/Utility/Containers/List.h; sourceTree = "<group>"; };
		B1D29CCEA219A800F97B20E9E6685000B3639045288F8800 /* Engine.cpp */ = {isa = PBXFileReference; lastKnownFileType = sourcecode.cpp.cpp; name = Engine.cpp; path = Source/Core/Engine.cpp; sourceTree = "<group>"; };
		B25860E50F9CE000F50176E0B1867800C47C1F61A8AD9000 /* Algorithm.h */ = {isa = PBXFileReference; lastKnownFileType = sourcecode.c.h; name = Algorithm.h; path = Source/Utility/Misc/Algorithm.h; sourceTree = "<group>"; };
		B26188A4AD70B0006C787988C83D20001E18D98FCC0DB700 /* Thread.cpp */ = {isa = PBXFileReference; lastKnownFileType = sourcecode.cpp.cpp; name = Thread.cpp; path = Source/Utility/Threading/Thread.cpp; sourceTree = "<group>"; };
		B619C8DF888248009C7E4FC322A6400024222764D2CC1E00 /* ShaderHandles.h */ = {isa = PBXFileReference; lastKnownFileType = sourcecode.c.h; name = ShaderHandles.h; path = Source/Rendering/Handles/ShaderHandles.h; sourceTree = "<group>"; };
		B8587795CE130000FE340C1EDFCA4000FD352CB755383000 /* NamedItemCache.h */ = {isa = PBXFileReference; lastKnownFileType = sourcecode.c.h; name = NamedItemCache.h; path = Source/Utility/Containers/NamedItemCache.h; sourceTree = "<group>"; };
		B86344EB5F66B800B9B16A96A805F00098D69E3DCB31A800 /* ImageProcessor.cpp */ = {isa = PBXFileReference; lastKnownFileType = sourcecode.cpp.cpp; name = ImageProcessor.cpp; path = Source/Rendering/Image/ImageProcessor.cpp; sourceTree = "<group>"; };
		BBB05FB47AA1D0005B9A6A30D2074800D4B200A984156000 /* File.cpp */ = {isa = PBXFileReference; lastKnownFileType = sourcecode.cpp.cpp; name = File.cpp; path = Source/Utility/FileIO/File.cpp; sourceTree = "<group>"; };
		C00B1C223216A0003940BF5C44407C0025A64F8E78316600 /* Model.h */ = {isa = PBXFileReference; lastKnownFileType = sourcecode.c.h; name = Model.h; path = Source/Rendering/Model/Model.h; sourceTree = "<group>"; };
		C0D27FE258CA800022D6224549C1EC00D80F84B8B5C56800 /* ShaderCache.h */ = {isa = PBXFileReference; lastKnownFileType = sourcecode.c.h; name = ShaderCache.h; path = Source/Rendering/Caches/ShaderCache.h; sourceTree = "<group>"; };
		C1E623980DF1780095C01B95A07F48006B81CECA0957E800 /* GameScene.h */ = {isa = PBXFileReference; lastKnownFileType = sourcecode.c.h; name = GameScene.h; path = Source/Core/GameScene.h; sourceTree = "<group>"; };
		C2272458493A80004D03A53EB241B40D44AE2D4E24B3000 /* MeshData.h */ = {isa = PBXFileReference; lastKnownFileType = sourcecode.c.h; name = MeshData.h; path = Source/Rendering/Mesh/MeshData.h; sourceTree = "<group>"; };
		C292A018D3414000D100A52EC7408800D348DDED4C2BA000 /* StringStream.h */ = {isa = PBXFileReference; lastKnownFileType = sourcecode.c.h; name = StringStream.h; path = Source/Utility/Misc/StringStream.h; sourceTree = "<group>"; };
		C38EB0217DB23800C083BD88F20C7800A6301E706FF00000 /* GFXCaches.h */ = {isa = PBXFileReference; lastKnownFileType = sourcecode.c.h; name = GFXCaches.h; path = Source/Rendering/Caches/GFXCaches.h; sourceTree = "<group>"; };
		C6EF2F3ED1E2E00028F2D1A1C2DA4A00DE2C34152EDDC800 /* ConsoleWindow.h */ = {isa = PBXFileReference; lastKnownFileType = sourcecode.c.h; name = ConsoleWindow.h; path = Source/Utility/Misc/ConsoleWindow.h; sourceTree = "<group>"; };
		C75849241FF4A0005F241E93FF11BC001DF3D733DB1B1900 /* GFXEngine.cpp */ = {isa = PBXFileReference; lastKnownFileType = sourcecode.cpp.cpp; name = GFXEngine.cpp; path = Source/Rendering/GFXEngine.cpp; sourceTree = "<group>"; };
		CC383E1F198A2800456DE1592BB4040031D3718B5FA4EE00 /* Assert.h */ = {isa = PBXFileReference; lastKnownFileType = sourcecode.c.h; name = Assert.h; path = Source/Utility/Debug/Assert.h; sourceTree = "<group>"; };
		CF529B5FFA90F000AB8143346E796800F6D093C390C71800 /* ConsoleColor.h */ = {isa = PBXFileReference; lastKnownFileType = sourcecode.c.h; name = ConsoleColor.h; path = Source/Utility/Debug/ConsoleColor.h; sourceTree = "<group>"; };
		CF9270C9A0630800173AF4E4E4B1B100D123644026D8E800 /* Vector4D.h */ = {isa = PBXFileReference; lastKnownFileType = sourcecode.c.h; name = Vector4D.h; path = Source/Math/Vector4D.h; sourceTree = "<group>"; };
		D29CD541844DF8001545EB3D26379100E4C093BE1D5EA000 /* Vector.h */ = {isa = PBXFileReference; lastKnownFileType = sourcecode.c.h; name = Vector.h; path = Source/Utility/Containers/Vector.h; sourceTree = "<group>"; };
		D302B98026B45000A6DCB17DB94218007C9E64B2221AC000 /* Mesh.h */ = {isa = PBXFileReference; lastKnownFileType = sourcecode.c.h; name = Mesh.h; path = Source/Rendering/Mesh/Mesh.h; sourceTree = "<group>"; };
		D4A37394644C7800173A0E842ADA6C00349125F198DC9200 /* Function.h */ = {isa = PBXFileReference; lastKnownFileType = sourcecode.c.h; name = Function.h; path = Source/Utility/Misc/Function.h; sourceTree = "<group>"; };
		D57840E0BE2A2800A95238DE50B7F0007F13EC12B9909400 /* Core.cpp */ = {isa = PBXFileReference; lastKnownFileType = sourcecode.cpp.cpp; name = Core.cpp; path = Source/Components/Core.cpp; sourceTree = "<group>"; };
		D8291FD83F15500078132A54967AC400F12AC0CD4888E000 /* Mesh.cpp */ = {isa = PBXFileReference; lastKnownFileType = sourcecode.cpp.cpp; name = Mesh.cpp; path = Source/Rendering/Mesh/Mesh.cpp; sourceTree = "<group>"; };
		DA491A66C69170006FB3134F5EDE540037ED186A8D255400 /* Material.cpp */ = {isa = PBXFileReference; lastKnownFileType = sourcecode.cpp.cpp; name = Material.cpp; path = Source/Rendering/Material.cpp; sourceTree = "<group>"; };
		DF8ACF438A73400508F47E3FF352C006DE65F516D375400 /* GameThread.cpp */ = {isa = PBXFileReference; lastKnownFileType = sourcecode.cpp.cpp; name = GameThread.cpp; path = Source/Core/GameThread.cpp; sourceTree = "<group>"; };
		E040E050E924F0055AC922052E0F400F95017B95082D80 /* Matrix2D.h */ = {isa = PBXFileReference; lastKnownFileType = sourcecode.c.h; name = Matrix2D.h; path = Source/Math/Matrix2D.h; sourceTree = "<group>"; };
		E22874192D544000C88CFAFCC77830005030D29E779E1400 /* ModelProcessor.h */ = {isa = PBXFileReference; lastKnownFileType = sourcecode.c.h; name = ModelProcessor.h; path = Source/Rendering/Model/ModelProcessor.h; sourceTree = "<group>"; };
		E3B17DBE8F0F00002B5A01D9D35DA600E54271351584E000 /* Vector3D.h */ = {isa = PBXFileReference; lastKnownFileType = sourcecode.c.h; name = Vector3D.h; path = Source/Math/Vector3D.h; sourceTree = "<group>"; };
		E556D8322A7B78005857B76C85C7BC0121AE8449FDAC100 /* GFXHandles.cpp */ = {isa = PBXFileReference; lastKnownFileType = sourcecode.cpp.cpp; name = GFXHandles.cpp; path = Source/Rendering/Handles/GFXHandles.cpp; sourceTree = "<group>"; };
		E5C5F41B313A60002D6E783675890A00E756E791B7B04000 /* Matrix4D.h */ = {isa = PBXFileReference; lastKnownFileType = sourcecode.c.h; name = Matrix4D.h; path = Source/Math/Matrix4D.h; sourceTree = "<group>"; };
		E82CA9F193506000F69AAF07874FA800F8E2E7C60C3AC000 /* ImageCache.h */ = {isa = PBXFileReference; lastKnownFileType = sourcecode.c.h; name = ImageCache.h; path = Source/Rendering/Caches/ImageCache.h; sourceTree = "<group>"; };
		EA1E1143035CE8001C55FEEF7084F300695150E17217E400 /* Memory.h */ = {isa = PBXFileReference; lastKnownFileType = sourcecode.c.h; name = Memory.h; path = Source/Utility/Misc/Memory.h; sourceTree = "<group>"; };
		EAC46624E018A8001CFC53D14D40B60069F7A5C34ED3A400 /* Set.h */ = {isa = PBXFileReference; lastKnownFileType = sourcecode.c.h; name = Set.h; path = Source/Utility/Containers/Set.h; sourceTree = "<group>"; };
		EAF0A0A0F5321800E7E5AE08698C6000CD920EEFE76FE800 /* EventTypes.h */ = {isa = PBXFileReference; lastKnownFileType = sourcecode.c.h; name = EventTypes.h; path = Source/Platform/Event/EventTypes.h; sourceTree = "<group>"; };
		EC4A86333F6960001E8273DFAC916E006B7DC5D1AE245C00 /* Map.h */ = {isa = PBXFileReference; lastKnownFileType = sourcecode.c.h; name = Map.h; path = Source/Utility/Containers/Map.h; sourceTree = "<group>"; };
		ED47987F1BB7400A6A04EF7D0D8900065700797ACE1EC00 /* AudioListener.h */ = {isa = PBXFileReference; lastKnownFileType = sourcecode.c.h; name = AudioListener.h; path = Source/Audio/AudioListener.h; sourceTree = "<group>"; };
		F06170A24F686000109013E6ED4961001D2580B4C4C7A700 /* GenericWindow.h */ = {isa = PBXFileReference; lastKnownFileType = sourcecode.c.h; name = GenericWindow.h; path = Source/Platform/Window/GenericWindow.h; sourceTree = "<group>"; };
		F41960D94690F000855FE445095150001E26B0E066862C00 /* Component.cpp */ = {isa = PBXFileReference; lastKnownFileType = sourcecode.cpp.cpp; name = Component.cpp; path = Source/Components/Component.cpp; sourceTree = "<group>"; };
		F5E67BEDEC524804C176F42ACE87800430DCA0633F6CC00 /* Camera.h */ = {isa = PBXFileReference; lastKnownFileType = sourcecode.c.h; name = Camera.h; path = Source/Rendering/Camera.h; sourceTree = "<group>"; };
		F6ACB8A10F64F00051ABDB7036436C0762F675884F4BC0 /* OutputStream.h */ = {isa = PBXFileReference; lastKnownFileType = sourcecode.c.h; name = OutputStream.h; path = Source/Utility/Misc/OutputStream.h; sourceTree = "<group>"; };
		F7D08AB37DBAF8003F790ECEC2099C00F9617E2A0430D800 /* Vector2D.h */ = {isa = PBXFileReference; lastKnownFileType = sourcecode.c.h; name = Vector2D.h; path = Source/Math/Vector2D.h; sourceTree = "<group>"; };
		F9BE1D546761880099A827D0BEC7000012BFBE4970D51800 /* Handle.h */ = {isa = PBXFileReference; lastKnownFileType = sourcecode.c.h; name = Handle.h; path = Source/Utility/Handle/Handle.h; sourceTree = "<group>"; };
		F9E501101FE65800418D852B64350000FB75F486A65C3800 /* Matrix3D.h */ = {isa = PBXFileReference; lastKnownFileType = sourcecode.c.h; name = Matrix3D.h; path = Source/Math/Matrix3D.h; sourceTree = "<group>"; };
		FD1A65DE535A40008E60E94A161AA0002727B5E5734F7C00 /* Primitives.h */ = {isa = PBXFileReference; lastKnownFileType = sourcecode.c.h; name = Primitives.h; path = Source/Utility/Misc/Primitives.h; sourceTree = "<group>"; };
		FDC2EA8FEBC048004059857FB24E44005DB09CED20506C00 /* KeyMods.h */ = {isa = PBXFileReference; lastKnownFileType = sourcecode.c.h; name = KeyMods.h; path = Source/Platform/Input/KeyMods.h; sourceTree = "<group>"; };
		FE13C4B58981E00040BCDAB12B6B80001037833222929200 /* Allocator.h */ = {isa = PBXFileReference; lastKnownFileType = sourcecode.c.h; name = Allocator.h; path = Source/Utility/Misc/Allocator.h; sourceTree = "<group>"; };
		FEA5E62EA5E0580A130E1CEAD1E680039F7AE6A0A534400 /* Transform.cpp */ = {isa = PBXFileReference; lastKnownFileType = sourcecode.cpp.cpp; name = Transform.cpp; path = Source/Components/Transform.cpp; sourceTree = "<group>"; };
		FF73A1681E59D800FC68AECF92B42000E2150FB71097A800 /* GameObject.cpp */ = {isa = PBXFileReference; lastKnownFileType = sourcecode.cpp.cpp; name = GameObject.cpp; path = Source/GameObject/GameObject.cpp; sourceTree = "<group>"; };
/* End PBXFileReference section */

/* Begin PBXFrameworksBuildPhase section */
		E74F454214789800151D63343CB35400F84C9701244EE000 /* Frameworks */ = {
			isa = PBXFrameworksBuildPhase;
			buildActionMask = 2147483647;
			files = (
				8C2B67B97D835800219560A215D03E00E9CF65BD44174000 /* OpenGL.framework in Frameworks */,
			);
			runOnlyForDeploymentPostprocessing = 0;
		};
/* End PBXFrameworksBuildPhase section */

/* Begin PBXGroup section */
		1290CBC17125CB00CBDF777BE24870006AF4D652980F1800 /* Caches */ = {
			isa = PBXGroup;
			children = (
				7682150C1CF3D800D885B76F0DEB48008DBF19E279EEC800 /* GFXCaches.cpp */,
				C38EB0217DB23800C083BD88F20C7800A6301E706FF00000 /* GFXCaches.h */,
				E82CA9F193506000F69AAF07874FA800F8E2E7C60C3AC000 /* ImageCache.h */,
				57DB48337AA44C0066494D496EA3940068918607F38EA800 /* ModelCache.h */,
				C0D27FE258CA800022D6224549C1EC00D80F84B8B5C56800 /* ShaderCache.h */,
			);
			name = Caches;
			sourceTree = "<group>";
		};
		13918C4FC8EB020048293EE4C2ACC0003C8DA4C4FCABC000 /* Components */ = {
			isa = PBXGroup;
			children = (
				F41960D94690F000855FE445095150001E26B0E066862C00 /* Component.cpp */,
				25FB3E77CCE2A6006891D96793709C0085E8F0D50172C800 /* Component.h */,
				7897C4B6DBA240002B8D280DBA44DA00A7ABF3E56F26E000 /* ComponentFilter.cpp */,
				A663EE77C0C6800097D9B55ACD51380080F5825948360000 /* ComponentFilter.h */,
				73AED00A04680C00B98A6493161F4800B88B852B8B8D3800 /* ComponentStorage.cpp */,
				1F2E1BF487042300453127CCE1053C00E4742E55A84C3000 /* ComponentStorage.h */,
				4A19C4CFB04A74008FF55958C201B0008EF679F1376FA000 /* ComponentTypeArray.h */,
				D57840E0BE2A2800A95238DE50B7F0007F13EC12B9909400 /* Core.cpp */,
				9C4F671782EA1800559E12D1F40CB800F4B371A8A9D36800 /* Core.h */,
				9BCEB715D5685000635CBC4A07619C00E44DDE318140D800 /* Cores */,
				FEA5E62EA5E0580A130E1CEAD1E680039F7AE6A0A534400 /* Transform.cpp */,
				18B8B70FB1695B005B4F51FF77F7540078A6696CE5F97800 /* Transform.h */,
			);
			name = Components;
			sourceTree = "<group>";
		};
		3EF21DECD69C22007389D081D05DE00067EE36620A5CE000 /* Model */ = {
			isa = PBXGroup;
			children = (
				82114E82349E3000177B476ACCEB1600DFB54C85FB321800 /* Model.cpp */,
				C00B1C223216A0003940BF5C44407C0025A64F8E78316600 /* Model.h */,
				3DDCAF822F2002052BF0A36B913E40E451244A8EBCF800 /* ModelProcessor.cpp */,
				E22874192D544000C88CFAFCC77830005030D29E779E1400 /* ModelProcessor.h */,
			);
			name = Model;
			sourceTree = "<group>";
		};
		404884915F6034003A1E91BCACC32C00FBB5016E22E22800 /* Event */ = {
			isa = PBXGroup;
			children = (
				5AD0122B265DE4009D66AD1AECEBE000BABDC4885AEE0000 /* Event.cpp */,
				53B2EB6FC3C6180085EAD91C30EE2800D2E62B0E32811800 /* Event.h */,
				4E4736335CB48000744A420BB6B59800138D48947DFC8F00 /* EventHandler.cpp */,
				629D74F69BE90400C4A117598CE0700079DA79CCF8E3F000 /* EventHandler.h */,
				EAF0A0A0F5321800E7E5AE08698C6000CD920EEFE76FE800 /* EventTypes.h */,
			);
			name = Event;
			sourceTree = "<group>";
		};
		442A8C0F05827C0078C23EA3FF4438006D26A48439433800 /* Handle */ = {
			isa = PBXGroup;
			children = (
				F9BE1D546761880099A827D0BEC7000012BFBE4970D51800 /* Handle.h */,
				104FBB313C77B800D44C898B0D1FC80F2F129802EB58800 /* HandleData.h */,
				A704CA7E1468B000E99B656DDAF6A8006F27CDB48F8D1C0 /* Handles.h */,
			);
			name = Handle;
			sourceTree = "<group>";
		};
		451B33D2739E08001E21B057A48201002BC16626B79A3600 /* Rendering */ = {
			isa = PBXGroup;
			children = (
				1290CBC17125CB00CBDF777BE24870006AF4D652980F1800 /* Caches */,
				2C659932DEEA8600A59B3C6CF11460009200CC9F25054800 /* Camera.cpp */,
				F5E67BEDEC524804C176F42ACE87800430DCA0633F6CC00 /* Camera.h */,
				C75849241FF4A0005F241E93FF11BC001DF3D733DB1B1900 /* GFXEngine.cpp */,
				1C4A28E8BAAA0E00B97582EFFEBDE000557FE87EF28F6400 /* GFXEngine.h */,
				886D6FAF2A3B78002039451F09589000DF08FDBEE561E800 /* GLInterface.h */,
				CDBA8517139A68054842C6CB5884C00E6C9BC7F7AF8480 /* Handles */,
				E61D131E87C450001AB4C5B381860900F192B93BB850B00 /* Image */,
				DA491A66C69170006FB3134F5EDE540037ED186A8D255400 /* Material.cpp */,
				77B625F49AE18400F0EBC92EAD0B6000DD515960E0FC5000 /* Material.h */,
				BD11454968E260009617C1CE99C65800A3B7779DACDE9000 /* Mesh */,
				3EF21DECD69C22007389D081D05DE00067EE36620A5CE000 /* Model */,
				73CE1DDA8D4B50002D1CC994FE6DF000CC32286BB434A000 /* Shader */,
			);
			name = Rendering;
			sourceTree = "<group>";
		};
		48E4B3789D2018008CB26499880C40004385CCF9CFF20800 /* Audio */ = {
			isa = PBXGroup;
			children = (
				910BA1686DB1D80028D776D84CCEF200E7A72F7828D85000 /* AudioEngine.cpp */,
				625B75A353FDF400FF86CFAA9811C0009B9135398BE34800 /* AudioEngine.h */,
				3F6E391CB07E3000DB04F372B0211000763D7149EA75C400 /* AudioListener.cpp */,
				ED47987F1BB7400A6A04EF7D0D8900065700797ACE1EC00 /* AudioListener.h */,
				230E90E4B3C4FA00632B3ED493BB9C087F3ED9AB7D81000 /* Sound.cpp */,
				739501C28886A8006D6B0EEDD5E9A0002F017E9F4C08A000 /* Sound.h */,
			);
			name = Audio;
			sourceTree = "<group>";
		};
		4F7FC42EF76028003711A06626F1F80080274DD001FF3800 /* Physics */ = {
			isa = PBXGroup;
			children = (
				798BEAC3024F94005CB00DCB97C65000DE7147790662A800 /* Temp.txt */,
			);
			name = Physics;
			sourceTree = "<group>";
		};
		5D1E861E1CC4300091B638B31685F000861A9E935084F000 /* FileIO */ = {
			isa = PBXGroup;
			children = (
				468B92DC388454008934A8D7DA6DF00058AF5158D1950000 /* Endian.cpp */,
				1A3B6B184B726000BA257594A2D7D000333D0C0D54E5EE00 /* Endian.h */,
				BBB05FB47AA1D0005B9A6A30D2074800D4B200A984156000 /* File.cpp */,
				A879D541F03670007C53CD3F82C43C0052158073EB9CE400 /* File.h */,
				5A0F2FE68BB6B00057043D4E0010F4003CB09E357DF47E00 /* FileStream.h */,
			);
			name = FileIO;
			sourceTree = "<group>";
		};
		61D7F6492E41B400DEA26DC32EF4B00079EA312BA2D68400 /* Sources */ = {
			isa = PBXGroup;
			children = (
				48E4B3789D2018008CB26499880C40004385CCF9CFF20800 /* Audio */,
				13918C4FC8EB020048293EE4C2ACC0003C8DA4C4FCABC000 /* Components */,
				CF84DCD6B4FC1800A8CB1AD3AE62200035115A28A1FD7800 /* Core */,
				C7DFD1293F7A080C5CCA8CD051A400064E207A3BAE0F000 /* ExternalLib */,
				65AEE242743FE0009A4694D76E0198008EAAFAB7A800A000 /* GameObject */,
				D016CCC925260000A95D0AC61E8C000035A34A1B12275E00 /* Math */,
				4F7FC42EF76028003711A06626F1F80080274DD001FF3800 /* Physics */,
				F4B1856AC4E9E00082B4C2C202B3600ED61FB78F3858000 /* Platform */,
				451B33D2739E08001E21B057A48201002BC16626B79A3600 /* Rendering */,
				F212A56927AFA000D9A481A05741700022BA2F0A324EAC00 /* Utility */,
			);
			name = Sources;
			sourceTree = "<group>";
		};
		62192F00424BE00024A8267C94D20C00CA30685367167000 /* Frameworks */ = {
			isa = PBXGroup;
			children = (
				7ED72E7B8AA82800C67FB296CEF6C800806821F2111E0800 /* OpenGL.framework */,
			);
			name = Frameworks;
			sourceTree = "<group>";
		};
		65AEE242743FE0009A4694D76E0198008EAAFAB7A800A000 /* GameObject */ = {
			isa = PBXGroup;
			children = (
				FF73A1681E59D800FC68AECF92B42000E2150FB71097A800 /* GameObject.cpp */,
				46FE0DFB661C980089A723F7080630005921CC77FF2D4400 /* GameObject.h */,
				8AA652445153F004E85F9AD56CC80004D871A45CC3A6C00 /* GameObjectIdPool.cpp */,
				585E2E49BCC83C007E613A2216C954001DA440AADE104B00 /* GameObjectIdPool.h */,
			);
			name = GameObject;
			sourceTree = "<group>";
		};
		73CE1DDA8D4B50002D1CC994FE6DF000CC32286BB434A000 /* Shader */ = {
			isa = PBXGroup;
			children = (
				ADE4829D868FC8003F2B060949502C00D7F1D2A4A6850800 /* Shader.cpp */,
				61C8912C4E31EC00A45F2C1C14BFE000C1B6438982C20800 /* Shader.h */,
				2BF027A2C581CE00DEE58AF9A42468005B0456D159066C00 /* ShaderUniforms.h */,
			);
			name = Shader;
			sourceTree = "<group>";
		};
		9BCEB715D5685000635CBC4A07619C00E44DDE318140D800 /* Cores */ = {
			isa = PBXGroup;
			children = (
				31A17E6FDC474C0023174552E8D1FE00C33125163B6CA80 /* RenderCore.cpp */,
				55C5E49AE9C514013CA635FA29B9B0016129C1E2786B000 /* RenderCore.h */,
			);
			name = Cores;
			sourceTree = "<group>";
		};
		A318533E2EA5B800D55040EA9BCDC000224B92DC9D60B200 /* Containers */ = {
			isa = PBXGroup;
			children = (
				AA623294CE3F1000ECF8CD8494CD0800A4FE4F202CF2D00 /* Array.h */,
				AFF26667628EE800ACE773CED6E930009293D4B654CCB800 /* BitArray.h */,
				97DC1918A943C000A64A1E2E9D430800A89256ED222E2000 /* BitVector.h */,
				B17438802EC49000515E42FC862A0400CA75D97538382000 /* List.h */,
				EC4A86333F6960001E8273DFAC916E006B7DC5D1AE245C00 /* Map.h */,
				B8587795CE130000FE340C1EDFCA4000FD352CB755383000 /* NamedItemCache.h */,
				2791B64547D49600DA87199C2677300056A5E573DB593400 /* PriorityQueue.h */,
				578B76C7FBB958009A2211B7C2475000B779292530497800 /* Queue.h */,
				EAC46624E018A8001CFC53D14D40B60069F7A5C34ED3A400 /* Set.h */,
				15C719E3BF0427003BCA25BC19053E00DB0D2C44E04C3800 /* UnorderedMap.h */,
				D29CD541844DF8001545EB3D26379100E4C093BE1D5EA000 /* Vector.h */,
			);
			name = Containers;
			sourceTree = "<group>";
		};
		BD11454968E260009617C1CE99C65800A3B7779DACDE9000 /* Mesh */ = {
			isa = PBXGroup;
			children = (
				D8291FD83F15500078132A54967AC400F12AC0CD4888E000 /* Mesh.cpp */,
				D302B98026B45000A6DCB17DB94218007C9E64B2221AC000 /* Mesh.h */,
				C2272458493A80004D03A53EB241B40D44AE2D4E24B3000 /* MeshData.h */,
			);
			name = Mesh;
			sourceTree = "<group>";
		};
		C7DFD1293F7A080C5CCA8CD051A400064E207A3BAE0F000 /* ExternalLib */ = {
			isa = PBXGroup;
			children = (
				5D9FDB3599037C0017C9F6A8E8A7525C7D7AD7955C3000 /* AssimpIncludes.h */,
				AB247430E03360004D9C62F1F0188C00AA0213D2DC8C1800 /* BulletIncludes.h */,
				1B5F500D25C2C300D57640F1408F30008716A0F8445FC800 /* FBXIncludes.h */,
				26AF22F7E2636600C245DD4DE20648005D7E5B251C5AFC00 /* GLEWIncludes.h */,
				8F721C13A0CF58002B08D669A0723C00C6415440DAC6F000 /* GLFWIncludes.h */,
				78CB6D0CC914C409F588C40ABAE68005E2844E087B7C400 /* GLIncludes.h */,
				5E6823A2F745AC00187F148712121D00CA1F748E15E2B800 /* GLMIncludes.h */,
				742718030597B0005A8B9EE69FBBA400E22F76884FE18800 /* IrrKlangIncludes.h */,
				3AEE6763ADBF1400F5055847C88B8000A6A5B84ECC5C1800 /* LibIncludes.h */,
				95A493AA03E04000313B4E0003832000CC73CBD73DD7D000 /* SOILIncludes.h */,
			);
			name = ExternalLib;
			sourceTree = "<group>";
		};
		C9CF3FA6C0B7C800915D44DAF2B11000124E66C26C904F00 /* Window */ = {
			isa = PBXGroup;
			children = (
				2367CD9DF803AA0035099BD0AAF9B4003501E29EFC1C1000 /* GenericWindow.cpp */,
				F06170A24F686000109013E6ED4961001D2580B4C4C7A700 /* GenericWindow.h */,
				7B640AFB82A7E80010CE03E41AF4CE00D90808FF493BD000 /* IWindow.h */,
			);
			name = Window;
			sourceTree = "<group>";
		};
		CDBA8517139A68054842C6CB5884C00E6C9BC7F7AF8480 /* Handles */ = {
			isa = PBXGroup;
			children = (
				E556D8322A7B78005857B76C85C7BC0121AE8449FDAC100 /* GFXHandles.cpp */,
				56D9DB9E18F54400330883728CDDBE007E57D401AF2B6C00 /* GFXHandles.h */,
				3A6767B498C5C4005A960AF936A6C400672B77C70E250800 /* ImageHandles.h */,
				69E97EDA1C8FBC008A18221EBA70C00096AD8EEC91EF0000 /* ModelHandles.h */,
				B619C8DF888248009C7E4FC322A6400024222764D2CC1E00 /* ShaderHandles.h */,
			);
			name = Handles;
			sourceTree = "<group>";
		};
		CE48AA0C9341C800E1C270CDEE832000C6F9201AC1DD6800 /* Misc */ = {
			isa = PBXGroup;
			children = (
				B25860E50F9CE000F50176E0B1867800C47C1F61A8AD9000 /* Algorithm.h */,
				FE13C4B58981E00040BCDAB12B6B80001037833222929200 /* Allocator.h */,
				950F672BB45770009204749328B1B80077B0D57AA6954000 /* ClassTypeId.h */,
				C6EF2F3ED1E2E00028F2D1A1C2DA4A00DE2C34152EDDC800 /* ConsoleWindow.h */,
				88FAA7BFA0E6B8001A412B2B63A71900B307F7C6C0DBF800 /* FileStream.h */,
				D4A37394644C7800173A0E842ADA6C00349125F198DC9200 /* Function.h */,
				EA1E1143035CE8001C55FEEF7084F300695150E17217E400 /* Memory.h */,
				F6ACB8A10F64F00051ABDB7036436C0762F675884F4BC0 /* OutputStream.h */,
				FD1A65DE535A40008E60E94A161AA0002727B5E5734F7C00 /* Primitives.h */,
				5A97CBF4C8323C009D40E1F06A1BD8006CBB8A716142E800 /* Singleton.h */,
				72119F932BE46000807FA4A91FE3A80082C7DD67A4CEC000 /* StaticObject.h */,
				A91897C04B3E1000DB50856CB8661800284BD75EB9F90C00 /* String.h */,
				C292A018D3414000D100A52EC7408800D348DDED4C2BA000 /* StringStream.h */,
				4B76309210BC30001F50288FA349F900F511DBC40C22A000 /* Timer.h */,
			);
			name = Misc;
			sourceTree = "<group>";
		};
		CF84DCD6B4FC1800A8CB1AD3AE62200035115A28A1FD7800 /* Core */ = {
			isa = PBXGroup;
			children = (
				B1D29CCEA219A800F97B20E9E6685000B3639045288F8800 /* Engine.cpp */,
				A92E3A00EE27F000DDC5EC95E7E9B000D22A527621E8B000 /* Engine.h */,
				646F5935578C8C0045963B1AEF1FE807D70FA2A61001800 /* GameScene.cpp */,
				C1E623980DF1780095C01B95A07F48006B81CECA0957E800 /* GameScene.h */,
				DF8ACF438A73400508F47E3FF352C006DE65F516D375400 /* GameThread.cpp */,
				1530DFF2DD6021004768CD9F4A88300094641F914C1B2000 /* GameThread.h */,
			);
			name = Core;
			sourceTree = "<group>";
		};
		D016CCC925260000A95D0AC61E8C000035A34A1B12275E00 /* Math */ = {
			isa = PBXGroup;
			children = (
				19A39010AE0CCF002D1D56D2094E22001254061EDCA86D00 /* Math.h */,
				203C040F80C8F2005273F1BBEDF100009F6F43ADEF83F000 /* MathCommon.h */,
				E040E050E924F0055AC922052E0F400F95017B95082D80 /* Matrix2D.h */,
				F9E501101FE65800418D852B64350000FB75F486A65C3800 /* Matrix3D.h */,
				E5C5F41B313A60002D6E783675890A00E756E791B7B04000 /* Matrix4D.h */,
				2D8234015C6C2A002A774168D0C66E001023A2504EA9F700 /* MatrixTransform.h */,
				33084E239A38E00065403BD00760EC00B23B8DC208F3E000 /* Quaternion.h */,
				F7D08AB37DBAF8003F790ECEC2099C00F9617E2A0430D800 /* Vector2D.h */,
				E3B17DBE8F0F00002B5A01D9D35DA600E54271351584E000 /* Vector3D.h */,
				CF9270C9A0630800173AF4E4E4B1B100D123644026D8E800 /* Vector4D.h */,
			);
			name = Math;
			sourceTree = "<group>";
		};
		D3BC81EE3C37D800CD928F19899AD0008F28FECAFFB9D000 /* Input */ = {
			isa = PBXGroup;
			children = (
				983D2A7446356800A6AB2F8A3A34B000A8F36848BF1FC800 /* InputAction.h */,
				FDC2EA8FEBC048004059857FB24E44005DB09CED20506C00 /* KeyMods.h */,
				A07F8FCD6A16E800745987CAFCA4B0004A1B3AFF657D5400 /* Keys.h */,
				9D91E727357F9000ABFFEC3D297ED800AE4824FBAE69F000 /* MouseButton.h */,
			);
			name = Input;
			sourceTree = "<group>";
		};
		E0276A58B5A0B000C7AB2D9559F3500044D9AF86C2B96C0 /* PhoenixEngine */ = {
			isa = PBXGroup;
			children = (
				61D7F6492E41B400DEA26DC32EF4B00079EA312BA2D68400 /* Sources */,
				62192F00424BE00024A8267C94D20C00CA30685367167000 /* Frameworks */,
				F778F1C5EA8E2800A432C9912348F0002FFC9C05B2E02800 /* Products */,
			);
			name = PhoenixEngine;
			sourceTree = "<group>";
		};
		E040957797897800B41A8D752A17400089DC40A992EFE800 /* Threading */ = {
			isa = PBXGroup;
			children = (
				7DCA4276D5E15C0013343B5F6E2E4100DB6E407A9C754000 /* Atomic.h */,
				4818141E37B82400E5436E257BCBF800814DD3B46F9D7800 /* Mutex.h */,
				B26188A4AD70B0006C787988C83D20001E18D98FCC0DB700 /* Thread.cpp */,
				977C86A9C59908002CE67F925DE5F000F52084AD8C2CF000 /* Thread.h */,
				348C0393230BA8090B6FDD91F985000CDF7B7D5BC924000 /* ThreadSafeVector.h */,
			);
			name = Threading;
			sourceTree = "<group>";
		};
		E61D131E87C450001AB4C5B381860900F192B93BB850B00 /* Image */ = {
			isa = PBXGroup;
			children = (
				723A48F01F89EC007A441D8B7D6D240CFDE46F3E61DD000 /* Image.cpp */,
				10BC00D669F0A907A41634778C8E80066A6F379ACB9D000 /* Image.h */,
				4815D521A867CC0022CC605C3343AC0B3CD260CC704D000 /* ImageData.h */,
				B86344EB5F66B800B9B16A96A805F00098D69E3DCB31A800 /* ImageProcessor.cpp */,
				6C6AA4772377400052CF2B5ABD9B3800DA7302FC6DC11800 /* ImageProcessor.h */,
			);
			name = Image;
			sourceTree = "<group>";
		};
		F212A56927AFA000D9A481A05741700022BA2F0A324EAC00 /* Utility */ = {
			isa = PBXGroup;
			children = (
				A318533E2EA5B800D55040EA9BCDC000224B92DC9D60B200 /* Containers */,
				F2AB2874F43FE800CBB1A4FA2523E000D9515AC9383C1800 /* Debug */,
				5D1E861E1CC4300091B638B31685F000861A9E935084F000 /* FileIO */,
				442A8C0F05827C0078C23EA3FF4438006D26A48439433800 /* Handle */,
				CE48AA0C9341C800E1C270CDEE832000C6F9201AC1DD6800 /* Misc */,
				E040957797897800B41A8D752A17400089DC40A992EFE800 /* Threading */,
			);
			name = Utility;
			sourceTree = "<group>";
		};
		F2AB2874F43FE800CBB1A4FA2523E000D9515AC9383C1800 /* Debug */ = {
			isa = PBXGroup;
			children = (
				CC383E1F198A2800456DE1592BB4040031D3718B5FA4EE00 /* Assert.h */,
				CF529B5FFA90F000AB8143346E796800F6D093C390C71800 /* ConsoleColor.h */,
				96D59718FE266800E5EE8EC8E26D700073E6A88A665A9C00 /* Debug.h */,
				8AA00670E58F60006DC429797B062000EF856326E9A27800 /* Log.h */,
			);
			name = Debug;
			sourceTree = "<group>";
		};
		F4B1856AC4E9E00082B4C2C202B3600ED61FB78F3858000 /* Platform */ = {
			isa = PBXGroup;
			children = (
				404884915F6034003A1E91BCACC32C00FBB5016E22E22800 /* Event */,
				D3BC81EE3C37D800CD928F19899AD0008F28FECAFFB9D000 /* Input */,
				C9CF3FA6C0B7C800915D44DAF2B11000124E66C26C904F00 /* Window */,
			);
			name = Platform;
			sourceTree = "<group>";
		};
		F778F1C5EA8E2800A432C9912348F0002FFC9C05B2E02800 /* Products */ = {
			isa = PBXGroup;
			children = (
				90C6A980CBB4E0001379486D8F20A1009F85E154CDC44800 /* libPhoenixEngine.a */,
			);
			name = Products;
			sourceTree = "<group>";
		};
/* End PBXGroup section */

/* Begin PBXNativeTarget section */
		F0E3DEBA322BD00045DA57B8D6D22C0E99454C860C77000 /* PhoenixEngine */ = {
			isa = PBXNativeTarget;
			buildConfigurationList = E4D0AA0EF09AF800129EC80118D5AF00F5CDFBCE00714000 /* Build configuration list for PBXNativeTarget "PhoenixEngine" */;
			buildPhases = (
				EF53C7C6964980001D21E5B8BE843800511985A61FC5E8 /* Resources */,
				F04A49382FFF08001E18672A5839C0001479AF73FD54DA0 /* Sources */,
				E74F454214789800151D63343CB35400F84C9701244EE000 /* Frameworks */,
			);
			buildRules = (
			);
			dependencies = (
			);
			name = PhoenixEngine;
			productName = PhoenixEngine;
			productReference = 90C6A980CBB4E0001379486D8F20A1009F85E154CDC44800 /* libPhoenixEngine.a */;
			productType = "com.apple.product-type.library.static";
		};
/* End PBXNativeTarget section */

/* Begin PBXProject section */
		08FB7793FE84155DC02AAC07 /* Project object */ = {
			isa = PBXProject;
			buildConfigurationList = 1DEB928908733DD80010E9CD /* Build configuration list for PBXProject "PhoenixEngine" */;
			compatibilityVersion = "Xcode 3.2";
			hasScannedForEncodings = 1;
			mainGroup = E0276A58B5A0B000C7AB2D9559F3500044D9AF86C2B96C0 /* PhoenixEngine */;
			projectDirPath = "";
			projectRoot = "";
			targets = (
				F0E3DEBA322BD00045DA57B8D6D22C0E99454C860C77000 /* libPhoenixEngine.a */,
			);
		};
/* End PBXProject section */

/* Begin PBXResourcesBuildPhase section */
		EF53C7C6964980001D21E5B8BE843800511985A61FC5E8 /* Resources */ = {
			isa = PBXResourcesBuildPhase;
			buildActionMask = 2147483647;
			files = (
			);
			runOnlyForDeploymentPostprocessing = 0;
		};
/* End PBXResourcesBuildPhase section */

/* Begin PBXSourcesBuildPhase section */
		F04A49382FFF08001E18672A5839C0001479AF73FD54DA0 /* Sources */ = {
			isa = PBXSourcesBuildPhase;
			buildActionMask = 2147483647;
			files = (
				7518EAE2238C1400668EB1C53016C8004FAA7EC3AAFB9400 /* AudioEngine.cpp in Sources */,
				4E7BAAFEABF0D4001710E558A9370E07D8FDA2D3F757400 /* AudioListener.cpp in Sources */,
				8C59A7E9AB8EF804B5C356E6146E80068B34CDBCF490C00 /* Sound.cpp in Sources */,
				3CB63C67A26C4E005CE4DFAC404D5000697A4C7A17CB9400 /* Component.cpp in Sources */,
				1B9FCD16CD73D700B328A3774E97300E02FACD1DAE7D80 /* ComponentFilter.cpp in Sources */,
				F2A57E46F76ED80011DC062F52BA2B00A8AF2D240EC1100 /* ComponentStorage.cpp in Sources */,
				AB6C7615A518180043384B85843530002080425603E8B80 /* Core.cpp in Sources */,
				61D15FDDDC94C000EF3F9D7DC9FC58002C80577A66F64800 /* RenderCore.cpp in Sources */,
				1F222F701C568B003F50D2B4BA378C004BE63F8291B5D000 /* Transform.cpp in Sources */,
				6998C67E9F106400FF02BF67375D4800C73CC48265A44800 /* Engine.cpp in Sources */,
				69A0D7EEBAC864005379244BA6B47C0A070101BF4BFF800 /* GameScene.cpp in Sources */,
				6ED0EAACFDA2340E31BB67F43C298002E6B070E66104A00 /* GameThread.cpp in Sources */,
				D3EB9EC506F36000BA5025A8A117580041F3FD4A513D3400 /* GameObject.cpp in Sources */,
				ED8AC3D5C44D6000CC14BBE1F98AD8057038610DCA9380 /* GameObjectIdPool.cpp in Sources */,
				9ECBD63A5072F0007AFA7E0EC45B6800C649CE9DE6A91800 /* Event.cpp in Sources */,
				480527E22A0ACC00E9F94D330FA1D0007A5078CAD2E6E000 /* EventHandler.cpp in Sources */,
				C5AEA021DBF62800A7990157721F380047784A233859500 /* GenericWindow.cpp in Sources */,
				CBABC6BE4E10100E08E2172D803F00ED2E15BE50ABF800 /* GFXCaches.cpp in Sources */,
				1B77F53F00E3C600186D02A6753E0B00FE19638DF3219000 /* Camera.cpp in Sources */,
				BF3AF09B48101800B0B0B77E549AD00099CC847CCF7F9800 /* GFXEngine.cpp in Sources */,
				865FE31733763000C195D4B4CDD01800A6EDCE450A088000 /* GFXHandles.cpp in Sources */,
				910BBAB788252800F30F5D1A791C9800A848BF8DE5201800 /* Image.cpp in Sources */,
				2B3FDC842BC7FC0031476177F07D54003FD3E278A4EBFC00 /* ImageProcessor.cpp in Sources */,
				14FB8F622C5BB70076FF31C51D5324002C3894388956A600 /* Material.cpp in Sources */,
				5ABD471F15CCD000F6540175156FB000918C7F4C4FC46800 /* Mesh.cpp in Sources */,
				85043C3ACF130000E707DE9DC00A68009C4141112C0DE800 /* Model.cpp in Sources */,
				FE1281C3B057480041A06B7750C9D8012A687B8297B4500 /* ModelProcessor.cpp in Sources */,
				1AC1EA72B2085C003AF08DB74FE95E004785FA852767A400 /* Shader.cpp in Sources */,
				59B6D7BB20CC4800FC2EC67C30B178005894775D1D250000 /* Endian.cpp in Sources */,
				33CD13C59E303600CF63CE1B9DD318006A9C4BF2D827CC00 /* File.cpp in Sources */,
				81DC9ED367FAD800A7DFAAABC1FBF0004722B1348942E400 /* Thread.cpp in Sources */,
			);
			runOnlyForDeploymentPostprocessing = 0;
		};
/* End PBXSourcesBuildPhase section */

/* Begin PBXVariantGroup section */
/* End PBXVariantGroup section */

/* Begin XCBuildConfiguration section */
		3192257A9F3E10009F90A281F5CB780058DFA413CE448C00 /* Release */ = {
			isa = XCBuildConfiguration;
			buildSettings = {
				CONFIGURATION_BUILD_DIR = "$(SYMROOT)";
				CONFIGURATION_TEMP_DIR = "$(OBJROOT)";
				GCC_C_LANGUAGE_STANDARD = gnu99;
				GCC_OPTIMIZATION_LEVEL = 3;
				GCC_PREPROCESSOR_DEFINITIONS = (
					NDEBUG,
				);
				GCC_SYMBOLS_PRIVATE_EXTERN = NO;
				GCC_WARN_ABOUT_RETURN_TYPE = YES;
				GCC_WARN_UNUSED_VARIABLE = YES;
				LIBRARY_SEARCH_PATHS = (
					../Libraries/Lib/Release.x64/FBX,
					../Libraries/Lib/Release.x64/GLEW,
					../Libraries/Lib/Release.x64/IrrKlang,
					/usr/local/lib,
				);
				OBJROOT = obj/x64/Release;
				ONLY_ACTIVE_ARCH = NO;
				OTHER_CFLAGS = (
					"-F ./Libraries/Lib/Release.x64/IrrKlang -L ./Libraries/Lib/Release.x64/IrrKlang",
					"-std=c++1y",
					"-stdlib=libc++",
				);
				OTHER_LDFLAGS = (
					"-lglfw3",
					"-lirrklang",
					"-lglew",
					"-F ./Libraries/Lib/Release.x64/IrrKlang -L ./Libraries/Lib/Release.x64/IrrKlang",
					"-std=c++1y",
					"-stdlib=libc++",
				);
				SYMROOT = ../Build/Release;
				USER_HEADER_SEARCH_PATHS = (
					Source,
					../Libraries/Include,
					../Libraries/Include/FBX,
					../Libraries/Include/GLM,
				);
			};
			name = Release;
		};
		579E6033503BB000945767B71E5F00008B4DC27AA56D5800 /* Debug */ = {
			isa = XCBuildConfiguration;
			buildSettings = {
				ALWAYS_SEARCH_USER_PATHS = NO;
				CONFIGURATION_BUILD_DIR = ../Build/Debug;
				GCC_DYNAMIC_NO_PIC = NO;
				INSTALL_PATH = /usr/local/lib;
				PRODUCT_NAME = PhoenixEngine;
			};
			name = Debug;
		};
		A74B9AAE6121D000EB194BCF4C0DF800A1ECB42F93F3C000 /* Debug */ = {
			isa = XCBuildConfiguration;
			buildSettings = {
				CONFIGURATION_BUILD_DIR = "$(SYMROOT)";
				CONFIGURATION_TEMP_DIR = "$(OBJROOT)";
				COPY_PHASE_STRIP = NO;
				GCC_C_LANGUAGE_STANDARD = gnu99;
				GCC_ENABLE_FIX_AND_CONTINUE = YES;
				GCC_OPTIMIZATION_LEVEL = 0;
				GCC_PREPROCESSOR_DEFINITIONS = (
					DEBUG,
				);
				GCC_SYMBOLS_PRIVATE_EXTERN = NO;
				GCC_WARN_ABOUT_RETURN_TYPE = YES;
				GCC_WARN_UNUSED_VARIABLE = YES;
				LIBRARY_SEARCH_PATHS = (
					../Libraries/Lib/Debug.x64/FBX,
					../Libraries/Lib/Debug.x64/GLEW,
					../Libraries/Lib/Debug.x64/IrrKlang,
					/usr/local/lib,
				);
				OBJROOT = obj/x64/Debug;
				ONLY_ACTIVE_ARCH = YES;
				OTHER_CFLAGS = (
					"-F ./Libraries/Lib/Debug.x64/IrrKlang -L ./Libraries/Lib/Debug.x64/IrrKlang",
					"-std=c++1y",
					"-stdlib=libc++",
				);
				OTHER_LDFLAGS = (
					"-lglfw3",
					"-lirrklang",
					"-lglew",
					"-F ./Libraries/Lib/Debug.x64/IrrKlang -L ./Libraries/Lib/Debug.x64/IrrKlang",
					"-std=c++1y",
					"-stdlib=libc++",
				);
				SYMROOT = ../Build/Debug;
				USER_HEADER_SEARCH_PATHS = (
					Source,
					../Libraries/Include,
					../Libraries/Include/FBX,
					../Libraries/Include/GLM,
				);
			};
			name = Debug;
		};
		A9D219027C9DA800F8EB10B260E4B00086E32A73E4D1E000 /* Release */ = {
			isa = XCBuildConfiguration;
			buildSettings = {
				ALWAYS_SEARCH_USER_PATHS = NO;
				CONFIGURATION_BUILD_DIR = ../Build/Release;
				DEBUG_INFORMATION_FORMAT = "dwarf-with-dsym";
				GCC_DYNAMIC_NO_PIC = NO;
				INSTALL_PATH = /usr/local/lib;
				PRODUCT_NAME = PhoenixEngine;
			};
			name = Release;
		};
/* End XCBuildConfiguration section */

/* Begin XCConfigurationList section */
		1DEB928908733DD80010E9CD /* Build configuration list for PBXProject "PhoenixEngine" */ = {
			isa = XCConfigurationList;
			buildConfigurations = (
				A74B9AAE6121D000EB194BCF4C0DF800A1ECB42F93F3C000 /* Debug */,
				A74B9AAE6121D000EB194BCF4C0DF800A1ECB42F93F3C000 /* Debug */,
				3192257A9F3E10009F90A281F5CB780058DFA413CE448C00 /* Release */,
				3192257A9F3E10009F90A281F5CB780058DFA413CE448C00 /* Release */,
			);
			defaultConfigurationIsVisible = 0;
			defaultConfigurationName = Debug;
		};
		E4D0AA0EF09AF800129EC80118D5AF00F5CDFBCE00714000 /* Build configuration list for PBXNativeTarget "libPhoenixEngine.a" */ = {
			isa = XCConfigurationList;
			buildConfigurations = (
				579E6033503BB000945767B71E5F00008B4DC27AA56D5800 /* Debug */,
				579E6033503BB000945767B71E5F00008B4DC27AA56D5800 /* Debug */,
				A9D219027C9DA800F8EB10B260E4B00086E32A73E4D1E000 /* Release */,
				A9D219027C9DA800F8EB10B260E4B00086E32A73E4D1E000 /* Release */,
			);
			defaultConfigurationIsVisible = 0;
			defaultConfigurationName = Debug;
		};
/* End XCConfigurationList section */
};
rootObject = 08FB7793FE84155DC02AAC07 /* Project object */;
}
