<?xml version="1.0" encoding="utf-8"?>
<Project ToolsVersion="4.0" xmlns="http://schemas.microsoft.com/developer/msbuild/2003">
  <ItemGroup>
    <Filter Include="Source">
      <UniqueIdentifier>{79ae4af2-01bd-4dae-a5f6-0b95406e6bbf}</UniqueIdentifier>
    </Filter>
    <Filter Include="Source\Physics">
      <UniqueIdentifier>{fcefb4c9-5d3f-41cd-8cd0-990a27c85012}</UniqueIdentifier>
    </Filter>
    <Filter Include="Source\Utility">
      <UniqueIdentifier>{ac4f08c7-57ee-4078-9cbd-d387bd359a1b}</UniqueIdentifier>
    </Filter>
    <Filter Include="Source\Rendering">
      <UniqueIdentifier>{3a04f7d3-593c-4f56-9df5-b3e7bdaf15e4}</UniqueIdentifier>
    </Filter>
    <Filter Include="Source\Game">
      <UniqueIdentifier>{1c788f28-dc28-42d3-a033-785a573dbd6a}</UniqueIdentifier>
    </Filter>
    <Filter Include="Source\Core">
      <UniqueIdentifier>{c2449c6e-7dfe-4217-8925-29c5f98ce09a}</UniqueIdentifier>
    </Filter>
  </ItemGroup>
  <ItemGroup>
    <ClCompile Include="Source\Game\Game.cpp">
      <Filter>Source\Game</Filter>
    </ClCompile>
    <ClCompile Include="Source\Core\Engine.cpp">
      <Filter>Source\Core</Filter>
    </ClCompile>
  </ItemGroup>
  <ItemGroup>
    <ClInclude Include="Source\Utility\Algorithm.h">
      <Filter>Source\Utility</Filter>
    </ClInclude>
    <ClInclude Include="Source\Utility\Atomic.h">
      <Filter>Source\Utility</Filter>
    </ClInclude>
    <ClInclude Include="Source\Utility\BitArray.h">
      <Filter>Source\Utility</Filter>
    </ClInclude>
    <ClInclude Include="Source\Utility\BitVector.h">
      <Filter>Source\Utility</Filter>
    </ClInclude>
    <ClInclude Include="Source\Utility\Array.h">
      <Filter>Source\Utility</Filter>
    </ClInclude>
    <ClInclude Include="Source\Utility\ConsoleColor.h">
      <Filter>Source\Utility</Filter>
    </ClInclude>
    <ClInclude Include="Source\Utility\Function.h">
      <Filter>Source\Utility</Filter>
    </ClInclude>
    <ClInclude Include="Source\Utility\Map.h">
      <Filter>Source\Utility</Filter>
    </ClInclude>
    <ClInclude Include="Source\Utility\Memory.h">
      <Filter>Source\Utility</Filter>
    </ClInclude>
    <ClInclude Include="Source\Utility\Mutex.h">
      <Filter>Source\Utility</Filter>
    </ClInclude>
    <ClInclude Include="Source\Utility\OutputStream.h">
      <Filter>Source\Utility</Filter>
    </ClInclude>
    <ClInclude Include="Source\Utility\Primitives.h">
      <Filter>Source\Utility</Filter>
    </ClInclude>
    <ClInclude Include="Source\Utility\Queue.h">
      <Filter>Source\Utility</Filter>
    </ClInclude>
    <ClInclude Include="Source\Utility\Set.h">
      <Filter>Source\Utility</Filter>
    </ClInclude>
    <ClInclude Include="Source\Utility\String.h">
      <Filter>Source\Utility</Filter>
    </ClInclude>
    <ClInclude Include="Source\Utility\StringStream.h">
      <Filter>Source\Utility</Filter>
    </ClInclude>
    <ClInclude Include="Source\Utility\Thread.h">
      <Filter>Source\Utility</Filter>
    </ClInclude>
    <ClInclude Include="Source\Utility\List.h">
      <Filter>Source\Utility</Filter>
    </ClInclude>
    <ClInclude Include="Source\Utility\PriorityQueue.h">
      <Filter>Source\Utility</Filter>
    </ClInclude>
    <ClInclude Include="Source\Utility\UnorderedMap.h">
      <Filter>Source\Utility</Filter>
    </ClInclude>
    <ClInclude Include="Source\Game\Game.h">
      <Filter>Source\Game</Filter>
    </ClInclude>
    <ClInclude Include="Source\Core\Engine.h">
      <Filter>Source\Core</Filter>
    </ClInclude>
    <ClInclude Include="Source\Utility\Vector.h">
      <Filter>Source\Utility</Filter>
    </ClInclude>
  </ItemGroup>
</Project>